// !$*UTF8*$!
{
	archiveVersion = 1;
	classes = {
	};
	objectVersion = 55;
	objects = {

/* Begin PBXBuildFile section */
		1EF997F5DD03D032AEAE3DDC /* Pods_NikoNiko.framework in Frameworks */ = {isa = PBXBuildFile; fileRef = 82BAEAF15EEB91B392B5A4AA /* Pods_NikoNiko.framework */; };
		3A011B042756505E009CC1CE /* UIViewController+GADBannerViewDelegate.swift in Sources */ = {isa = PBXBuildFile; fileRef = 3A011B032756505E009CC1CE /* UIViewController+GADBannerViewDelegate.swift */; };
		3A0323E0275116D900D53B12 /* StringExtensionTests.swift in Sources */ = {isa = PBXBuildFile; fileRef = 3A0323DF275116D900D53B12 /* StringExtensionTests.swift */; };
		3A0323E22751236700D53B12 /* DateExtensionTests.swift in Sources */ = {isa = PBXBuildFile; fileRef = 3A0323E12751236700D53B12 /* DateExtensionTests.swift */; };
		3A23AC9C277A111800CF22CC /* StatBoardViewControllerUITests.swift in Sources */ = {isa = PBXBuildFile; fileRef = 3A23AC9B277A111800CF22CC /* StatBoardViewControllerUITests.swift */; };
		3A23AC9E277A115A00CF22CC /* SettingsViewControllerUITests.swift in Sources */ = {isa = PBXBuildFile; fileRef = 3A23AC9D277A115A00CF22CC /* SettingsViewControllerUITests.swift */; };
		3A23ACA0277A117E00CF22CC /* InformationsUITests.swift in Sources */ = {isa = PBXBuildFile; fileRef = 3A23AC9F277A117E00CF22CC /* InformationsUITests.swift */; };
		3A3EB510274C1805006EE44F /* AppDelegate.swift in Sources */ = {isa = PBXBuildFile; fileRef = 3A3EB50F274C1805006EE44F /* AppDelegate.swift */; };
		3A3EB512274C1805006EE44F /* SceneDelegate.swift in Sources */ = {isa = PBXBuildFile; fileRef = 3A3EB511274C1805006EE44F /* SceneDelegate.swift */; };
		3A3EB514274C1805006EE44F /* MoodBoardViewController.swift in Sources */ = {isa = PBXBuildFile; fileRef = 3A3EB513274C1805006EE44F /* MoodBoardViewController.swift */; };
		3A3EB517274C1805006EE44F /* Main.storyboard in Resources */ = {isa = PBXBuildFile; fileRef = 3A3EB515274C1805006EE44F /* Main.storyboard */; };
		3A3EB519274C1807006EE44F /* Assets.xcassets in Resources */ = {isa = PBXBuildFile; fileRef = 3A3EB518274C1807006EE44F /* Assets.xcassets */; };
		3A3EB51C274C1807006EE44F /* LaunchScreen.storyboard in Resources */ = {isa = PBXBuildFile; fileRef = 3A3EB51A274C1807006EE44F /* LaunchScreen.storyboard */; };
		3A4B1BA127590A2700E5E2BD /* UserSettings.swift in Sources */ = {isa = PBXBuildFile; fileRef = 3A4B1BA027590A2600E5E2BD /* UserSettings.swift */; };
		3A4B1BA82759103700E5E2BD /* Settings.storyboard in Resources */ = {isa = PBXBuildFile; fileRef = 3A4B1BA72759103700E5E2BD /* Settings.storyboard */; };
		3A4B1BAA2759107700E5E2BD /* SettingsViewController.swift in Sources */ = {isa = PBXBuildFile; fileRef = 3A4B1BA92759107700E5E2BD /* SettingsViewController.swift */; };
		3A4B1BAC275941ED00E5E2BD /* AssetsImage.swift in Sources */ = {isa = PBXBuildFile; fileRef = 3A4B1BAB275941ED00E5E2BD /* AssetsImage.swift */; };
		3A991B332757E2ED0091587F /* UIColor.swift in Sources */ = {isa = PBXBuildFile; fileRef = 3A991B322757E2ED0091587F /* UIColor.swift */; };
		3AA284D6275554380064BA99 /* Informations.storyboard in Resources */ = {isa = PBXBuildFile; fileRef = 3AA284D5275554380064BA99 /* Informations.storyboard */; };
		3AA284D82755546E0064BA99 /* InformationsViewController.swift in Sources */ = {isa = PBXBuildFile; fileRef = 3AA284D72755546E0064BA99 /* InformationsViewController.swift */; };
		3AA284DA2755548B0064BA99 /* WebViewInformationsViewController.swift in Sources */ = {isa = PBXBuildFile; fileRef = 3AA284D92755548B0064BA99 /* WebViewInformationsViewController.swift */; };
		3AA284DD275554E50064BA99 /* AdMobService.swift in Sources */ = {isa = PBXBuildFile; fileRef = 3AA284DC275554E50064BA99 /* AdMobService.swift */; };
		3AA984F22762849700BA18AB /* MoodBoardViewControllerUITests.swift in Sources */ = {isa = PBXBuildFile; fileRef = 3AA984F12762849700BA18AB /* MoodBoardViewControllerUITests.swift */; };
		3AA984F42762849700BA18AB /* NikoNikoUITestsLaunchTests.swift in Sources */ = {isa = PBXBuildFile; fileRef = 3AA984F32762849700BA18AB /* NikoNikoUITestsLaunchTests.swift */; };
		3AAA36A7275691F600FE4975 /* EventKitUI.framework in Frameworks */ = {isa = PBXBuildFile; fileRef = 3AAA36A5275691F600FE4975 /* EventKitUI.framework */; };
		3AAA36A8275691F600FE4975 /* EventKit.framework in Frameworks */ = {isa = PBXBuildFile; fileRef = 3AAA36A6275691F600FE4975 /* EventKit.framework */; };
		3AAA36AA275691FD00FE4975 /* AVFoundation.framework in Frameworks */ = {isa = PBXBuildFile; fileRef = 3AAA36A9275691FD00FE4975 /* AVFoundation.framework */; };
		3AAA36AC2756920600FE4975 /* AdSupport.framework in Frameworks */ = {isa = PBXBuildFile; fileRef = 3AAA36AB2756920600FE4975 /* AdSupport.framework */; };
		3AAA36AE2756921000FE4975 /* AudioToolbox.framework in Frameworks */ = {isa = PBXBuildFile; fileRef = 3AAA36AD2756921000FE4975 /* AudioToolbox.framework */; };
		3AAA36B12756922300FE4975 /* CoreTelephony.framework in Frameworks */ = {isa = PBXBuildFile; fileRef = 3AAA36AF2756922300FE4975 /* CoreTelephony.framework */; };
		3AAA36B22756922300FE4975 /* CoreGraphics.framework in Frameworks */ = {isa = PBXBuildFile; fileRef = 3AAA36B02756922300FE4975 /* CoreGraphics.framework */; };
		3AAA36B42756922D00FE4975 /* CoreMedia.framework in Frameworks */ = {isa = PBXBuildFile; fileRef = 3AAA36B32756922D00FE4975 /* CoreMedia.framework */; };
		3AAA36B62756923700FE4975 /* MessageUI.framework in Frameworks */ = {isa = PBXBuildFile; fileRef = 3AAA36B52756923700FE4975 /* MessageUI.framework */; };
		3AAA36B82756923F00FE4975 /* StoreKit.framework in Frameworks */ = {isa = PBXBuildFile; fileRef = 3AAA36B72756923F00FE4975 /* StoreKit.framework */; };
		3AAA36BA2756924800FE4975 /* SystemConfiguration.framework in Frameworks */ = {isa = PBXBuildFile; fileRef = 3AAA36B92756924800FE4975 /* SystemConfiguration.framework */; };
		3AAA36BC2756A57500FE4975 /* UiViewController+WKWebView.swift in Sources */ = {isa = PBXBuildFile; fileRef = 3AAA36BB2756A57500FE4975 /* UiViewController+WKWebView.swift */; };
		3AAA36BE2756A59900FE4975 /* UIViewController+Alert.swift in Sources */ = {isa = PBXBuildFile; fileRef = 3AAA36BD2756A59900FE4975 /* UIViewController+Alert.swift */; };
		3AABD362275F6D030021FA91 /* UIImage.swift in Sources */ = {isa = PBXBuildFile; fileRef = 3AABD361275F6D030021FA91 /* UIImage.swift */; };
		3AABD364275F6E800021FA91 /* Theme.swift in Sources */ = {isa = PBXBuildFile; fileRef = 3AABD363275F6E800021FA91 /* Theme.swift */; };
		3AB53E42274F9F70002B3960 /* RealmTests.swift in Sources */ = {isa = PBXBuildFile; fileRef = 3AB53E41274F9F70002B3960 /* RealmTests.swift */; };
		3AB5602A275B8CB40052732E /* UITableViewCell+CustomUI.swift in Sources */ = {isa = PBXBuildFile; fileRef = 3AB56029275B8CB40052732E /* UITableViewCell+CustomUI.swift */; };
		3AD35F1F275A4C64000BBCBD /* StatBoardViewController.swift in Sources */ = {isa = PBXBuildFile; fileRef = 3AD35F1E275A4C64000BBCBD /* StatBoardViewController.swift */; };
		3AD35F21275A4C8C000BBCBD /* StatBoard.storyboard in Resources */ = {isa = PBXBuildFile; fileRef = 3AD35F20275A4C8C000BBCBD /* StatBoard.storyboard */; };
		3AD35F28275A5E59000BBCBD /* StatTableViewCell.swift in Sources */ = {isa = PBXBuildFile; fileRef = 3AD35F26275A5E59000BBCBD /* StatTableViewCell.swift */; };
		3AD35F29275A5E59000BBCBD /* StatTableViewCell.xib in Resources */ = {isa = PBXBuildFile; fileRef = 3AD35F27275A5E59000BBCBD /* StatTableViewCell.xib */; };
		3AD35F2B275A6398000BBCBD /* UITextField.swift in Sources */ = {isa = PBXBuildFile; fileRef = 3AD35F2A275A6398000BBCBD /* UITextField.swift */; };
		3AE2916E274D21780068843A /* README.md in Resources */ = {isa = PBXBuildFile; fileRef = 3AE2916D274D21780068843A /* README.md */; };
		3AE29174274D23050068843A /* Constants.swift in Sources */ = {isa = PBXBuildFile; fileRef = 3AE29173274D23040068843A /* Constants.swift */; };
		3AE29177274D2E570068843A /* MoodBoard.storyboard in Resources */ = {isa = PBXBuildFile; fileRef = 3AE29176274D2E570068843A /* MoodBoard.storyboard */; };
		3AE29179274D3AC80068843A /* Monaco.ttf in Resources */ = {isa = PBXBuildFile; fileRef = 3AE29178274D3AC70068843A /* Monaco.ttf */; };
		3AE2917D274D67400068843A /* UIViewController+CustomUI.swift in Sources */ = {isa = PBXBuildFile; fileRef = 3AE2917C274D67400068843A /* UIViewController+CustomUI.swift */; };
		3AEB93742756ACDE00405217 /* WebKit.framework in Frameworks */ = {isa = PBXBuildFile; fileRef = 3AEB93732756ACDE00405217 /* WebKit.framework */; };
		3AF6AEE92754D80700A8D6E5 /* MoodHistoryCollectionViewCell.swift in Sources */ = {isa = PBXBuildFile; fileRef = 3AF6AEE72754D80700A8D6E5 /* MoodHistoryCollectionViewCell.swift */; };
		3AF6AEEA2754D80700A8D6E5 /* MoodHistoryCollectionViewCell.xib in Resources */ = {isa = PBXBuildFile; fileRef = 3AF6AEE82754D80700A8D6E5 /* MoodHistoryCollectionViewCell.xib */; };
		3AF6AEF22754FEB600A8D6E5 /* UICollectionViewCell+CustomUI.swift in Sources */ = {isa = PBXBuildFile; fileRef = 3AF6AEF12754FEB600A8D6E5 /* UICollectionViewCell+CustomUI.swift */; };
		3AFA312B274EB2C70068FADF /* Realm in Frameworks */ = {isa = PBXBuildFile; productRef = 3AFA312A274EB2C70068FADF /* Realm */; };
		3AFA312D274EB2C70068FADF /* RealmSwift in Frameworks */ = {isa = PBXBuildFile; productRef = 3AFA312C274EB2C70068FADF /* RealmSwift */; };
		3AFA312F274EB4B90068FADF /* Mood.swift in Sources */ = {isa = PBXBuildFile; fileRef = 3AFA312E274EB4B90068FADF /* Mood.swift */; };
		3AFA3131274EB5120068FADF /* DataManager.swift in Sources */ = {isa = PBXBuildFile; fileRef = 3AFA3130274EB5120068FADF /* DataManager.swift */; };
		3AFA3133274EBFF00068FADF /* String.swift in Sources */ = {isa = PBXBuildFile; fileRef = 3AFA3132274EBFF00068FADF /* String.swift */; };
		3AFA3135274EC0460068FADF /* Date.swift in Sources */ = {isa = PBXBuildFile; fileRef = 3AFA3134274EC0460068FADF /* Date.swift */; };
		3AFA3137274EC0930068FADF /* FormateDate.swift in Sources */ = {isa = PBXBuildFile; fileRef = 3AFA3136274EC0930068FADF /* FormateDate.swift */; };
		508063948E33F12BF4723A68 /* Pods_NikoNikoTests.framework in Frameworks */ = {isa = PBXBuildFile; fileRef = 64504EC2608755D7E06FA57E /* Pods_NikoNikoTests.framework */; };
/* End PBXBuildFile section */

/* Begin PBXContainerItemProxy section */
		3AA984F52762849700BA18AB /* PBXContainerItemProxy */ = {
			isa = PBXContainerItemProxy;
			containerPortal = 3A3EB504274C1805006EE44F /* Project object */;
			proxyType = 1;
			remoteGlobalIDString = 3A3EB50B274C1805006EE44F;
			remoteInfo = NikoNiko;
		};
		3AB53E3C274F9D85002B3960 /* PBXContainerItemProxy */ = {
			isa = PBXContainerItemProxy;
			containerPortal = 3A3EB504274C1805006EE44F /* Project object */;
			proxyType = 1;
			remoteGlobalIDString = 3A3EB50B274C1805006EE44F;
			remoteInfo = NikoNiko;
		};
/* End PBXContainerItemProxy section */

/* Begin PBXFileReference section */
		2724C3C431771F8CB0E331DB /* Pods-NikoNikoTests.release.xcconfig */ = {isa = PBXFileReference; includeInIndex = 1; lastKnownFileType = text.xcconfig; name = "Pods-NikoNikoTests.release.xcconfig"; path = "Target Support Files/Pods-NikoNikoTests/Pods-NikoNikoTests.release.xcconfig"; sourceTree = "<group>"; };
		3A011B032756505E009CC1CE /* UIViewController+GADBannerViewDelegate.swift */ = {isa = PBXFileReference; fileEncoding = 4; lastKnownFileType = sourcecode.swift; path = "UIViewController+GADBannerViewDelegate.swift"; sourceTree = "<group>"; };
		3A0323DF275116D900D53B12 /* StringExtensionTests.swift */ = {isa = PBXFileReference; fileEncoding = 4; lastKnownFileType = sourcecode.swift; path = StringExtensionTests.swift; sourceTree = "<group>"; };
		3A0323E12751236700D53B12 /* DateExtensionTests.swift */ = {isa = PBXFileReference; fileEncoding = 4; lastKnownFileType = sourcecode.swift; path = DateExtensionTests.swift; sourceTree = "<group>"; };
		3A23AC9B277A111800CF22CC /* StatBoardViewControllerUITests.swift */ = {isa = PBXFileReference; lastKnownFileType = sourcecode.swift; path = StatBoardViewControllerUITests.swift; sourceTree = "<group>"; };
		3A23AC9D277A115A00CF22CC /* SettingsViewControllerUITests.swift */ = {isa = PBXFileReference; lastKnownFileType = sourcecode.swift; path = SettingsViewControllerUITests.swift; sourceTree = "<group>"; };
		3A23AC9F277A117E00CF22CC /* InformationsUITests.swift */ = {isa = PBXFileReference; lastKnownFileType = sourcecode.swift; path = InformationsUITests.swift; sourceTree = "<group>"; };
		3A3EB50C274C1805006EE44F /* NikoNiko.app */ = {isa = PBXFileReference; explicitFileType = wrapper.application; includeInIndex = 0; path = NikoNiko.app; sourceTree = BUILT_PRODUCTS_DIR; };
		3A3EB50F274C1805006EE44F /* AppDelegate.swift */ = {isa = PBXFileReference; lastKnownFileType = sourcecode.swift; path = AppDelegate.swift; sourceTree = "<group>"; };
		3A3EB511274C1805006EE44F /* SceneDelegate.swift */ = {isa = PBXFileReference; lastKnownFileType = sourcecode.swift; path = SceneDelegate.swift; sourceTree = "<group>"; };
		3A3EB513274C1805006EE44F /* MoodBoardViewController.swift */ = {isa = PBXFileReference; lastKnownFileType = sourcecode.swift; path = MoodBoardViewController.swift; sourceTree = "<group>"; };
		3A3EB516274C1805006EE44F /* Base */ = {isa = PBXFileReference; lastKnownFileType = file.storyboard; name = Base; path = Base.lproj/Main.storyboard; sourceTree = "<group>"; };
		3A3EB518274C1807006EE44F /* Assets.xcassets */ = {isa = PBXFileReference; lastKnownFileType = folder.assetcatalog; path = Assets.xcassets; sourceTree = "<group>"; };
		3A3EB51B274C1807006EE44F /* Base */ = {isa = PBXFileReference; lastKnownFileType = file.storyboard; name = Base; path = Base.lproj/LaunchScreen.storyboard; sourceTree = "<group>"; };
		3A3EB51D274C1807006EE44F /* Info.plist */ = {isa = PBXFileReference; lastKnownFileType = text.plist.xml; path = Info.plist; sourceTree = "<group>"; };
		3A4B1BA027590A2600E5E2BD /* UserSettings.swift */ = {isa = PBXFileReference; fileEncoding = 4; lastKnownFileType = sourcecode.swift; path = UserSettings.swift; sourceTree = "<group>"; };
		3A4B1BA72759103700E5E2BD /* Settings.storyboard */ = {isa = PBXFileReference; lastKnownFileType = file.storyboard; path = Settings.storyboard; sourceTree = "<group>"; };
		3A4B1BA92759107700E5E2BD /* SettingsViewController.swift */ = {isa = PBXFileReference; lastKnownFileType = sourcecode.swift; path = SettingsViewController.swift; sourceTree = "<group>"; };
		3A4B1BAB275941ED00E5E2BD /* AssetsImage.swift */ = {isa = PBXFileReference; lastKnownFileType = sourcecode.swift; path = AssetsImage.swift; sourceTree = "<group>"; };
		3A991B322757E2ED0091587F /* UIColor.swift */ = {isa = PBXFileReference; lastKnownFileType = sourcecode.swift; path = UIColor.swift; sourceTree = "<group>"; };
		3AA284D5275554380064BA99 /* Informations.storyboard */ = {isa = PBXFileReference; lastKnownFileType = file.storyboard; path = Informations.storyboard; sourceTree = "<group>"; };
		3AA284D72755546E0064BA99 /* InformationsViewController.swift */ = {isa = PBXFileReference; lastKnownFileType = sourcecode.swift; path = InformationsViewController.swift; sourceTree = "<group>"; };
		3AA284D92755548B0064BA99 /* WebViewInformationsViewController.swift */ = {isa = PBXFileReference; lastKnownFileType = sourcecode.swift; path = WebViewInformationsViewController.swift; sourceTree = "<group>"; };
		3AA284DC275554E50064BA99 /* AdMobService.swift */ = {isa = PBXFileReference; fileEncoding = 4; lastKnownFileType = sourcecode.swift; path = AdMobService.swift; sourceTree = "<group>"; };
		3AA984EF2762849700BA18AB /* NikoNikoUITests.xctest */ = {isa = PBXFileReference; explicitFileType = wrapper.cfbundle; includeInIndex = 0; path = NikoNikoUITests.xctest; sourceTree = BUILT_PRODUCTS_DIR; };
		3AA984F12762849700BA18AB /* MoodBoardViewControllerUITests.swift */ = {isa = PBXFileReference; lastKnownFileType = sourcecode.swift; path = MoodBoardViewControllerUITests.swift; sourceTree = "<group>"; };
		3AA984F32762849700BA18AB /* NikoNikoUITestsLaunchTests.swift */ = {isa = PBXFileReference; lastKnownFileType = sourcecode.swift; path = NikoNikoUITestsLaunchTests.swift; sourceTree = "<group>"; };
		3AAA36A5275691F600FE4975 /* EventKitUI.framework */ = {isa = PBXFileReference; lastKnownFileType = wrapper.framework; name = EventKitUI.framework; path = System/Library/Frameworks/EventKitUI.framework; sourceTree = SDKROOT; };
		3AAA36A6275691F600FE4975 /* EventKit.framework */ = {isa = PBXFileReference; lastKnownFileType = wrapper.framework; name = EventKit.framework; path = System/Library/Frameworks/EventKit.framework; sourceTree = SDKROOT; };
		3AAA36A9275691FD00FE4975 /* AVFoundation.framework */ = {isa = PBXFileReference; lastKnownFileType = wrapper.framework; name = AVFoundation.framework; path = System/Library/Frameworks/AVFoundation.framework; sourceTree = SDKROOT; };
		3AAA36AB2756920600FE4975 /* AdSupport.framework */ = {isa = PBXFileReference; lastKnownFileType = wrapper.framework; name = AdSupport.framework; path = System/Library/Frameworks/AdSupport.framework; sourceTree = SDKROOT; };
		3AAA36AD2756921000FE4975 /* AudioToolbox.framework */ = {isa = PBXFileReference; lastKnownFileType = wrapper.framework; name = AudioToolbox.framework; path = System/Library/Frameworks/AudioToolbox.framework; sourceTree = SDKROOT; };
		3AAA36AF2756922300FE4975 /* CoreTelephony.framework */ = {isa = PBXFileReference; lastKnownFileType = wrapper.framework; name = CoreTelephony.framework; path = System/Library/Frameworks/CoreTelephony.framework; sourceTree = SDKROOT; };
		3AAA36B02756922300FE4975 /* CoreGraphics.framework */ = {isa = PBXFileReference; lastKnownFileType = wrapper.framework; name = CoreGraphics.framework; path = System/Library/Frameworks/CoreGraphics.framework; sourceTree = SDKROOT; };
		3AAA36B32756922D00FE4975 /* CoreMedia.framework */ = {isa = PBXFileReference; lastKnownFileType = wrapper.framework; name = CoreMedia.framework; path = System/Library/Frameworks/CoreMedia.framework; sourceTree = SDKROOT; };
		3AAA36B52756923700FE4975 /* MessageUI.framework */ = {isa = PBXFileReference; lastKnownFileType = wrapper.framework; name = MessageUI.framework; path = System/Library/Frameworks/MessageUI.framework; sourceTree = SDKROOT; };
		3AAA36B72756923F00FE4975 /* StoreKit.framework */ = {isa = PBXFileReference; lastKnownFileType = wrapper.framework; name = StoreKit.framework; path = System/Library/Frameworks/StoreKit.framework; sourceTree = SDKROOT; };
		3AAA36B92756924800FE4975 /* SystemConfiguration.framework */ = {isa = PBXFileReference; lastKnownFileType = wrapper.framework; name = SystemConfiguration.framework; path = System/Library/Frameworks/SystemConfiguration.framework; sourceTree = SDKROOT; };
		3AAA36BB2756A57500FE4975 /* UiViewController+WKWebView.swift */ = {isa = PBXFileReference; fileEncoding = 4; lastKnownFileType = sourcecode.swift; path = "UiViewController+WKWebView.swift"; sourceTree = "<group>"; };
		3AAA36BD2756A59900FE4975 /* UIViewController+Alert.swift */ = {isa = PBXFileReference; fileEncoding = 4; lastKnownFileType = sourcecode.swift; path = "UIViewController+Alert.swift"; sourceTree = "<group>"; };
		3AABD361275F6D030021FA91 /* UIImage.swift */ = {isa = PBXFileReference; lastKnownFileType = sourcecode.swift; path = UIImage.swift; sourceTree = "<group>"; };
		3AABD363275F6E800021FA91 /* Theme.swift */ = {isa = PBXFileReference; lastKnownFileType = sourcecode.swift; path = Theme.swift; sourceTree = "<group>"; };
		3AB53E38274F9D85002B3960 /* NikoNikoTests.xctest */ = {isa = PBXFileReference; explicitFileType = wrapper.cfbundle; includeInIndex = 0; path = NikoNikoTests.xctest; sourceTree = BUILT_PRODUCTS_DIR; };
		3AB53E41274F9F70002B3960 /* RealmTests.swift */ = {isa = PBXFileReference; lastKnownFileType = sourcecode.swift; path = RealmTests.swift; sourceTree = "<group>"; };
		3AB56029275B8CB40052732E /* UITableViewCell+CustomUI.swift */ = {isa = PBXFileReference; lastKnownFileType = sourcecode.swift; path = "UITableViewCell+CustomUI.swift"; sourceTree = "<group>"; };
		3AD35F1E275A4C64000BBCBD /* StatBoardViewController.swift */ = {isa = PBXFileReference; lastKnownFileType = sourcecode.swift; path = StatBoardViewController.swift; sourceTree = "<group>"; };
		3AD35F20275A4C8C000BBCBD /* StatBoard.storyboard */ = {isa = PBXFileReference; lastKnownFileType = file.storyboard; path = StatBoard.storyboard; sourceTree = "<group>"; };
		3AD35F26275A5E59000BBCBD /* StatTableViewCell.swift */ = {isa = PBXFileReference; lastKnownFileType = sourcecode.swift; path = StatTableViewCell.swift; sourceTree = "<group>"; };
		3AD35F27275A5E59000BBCBD /* StatTableViewCell.xib */ = {isa = PBXFileReference; lastKnownFileType = file.xib; path = StatTableViewCell.xib; sourceTree = "<group>"; };
		3AD35F2A275A6398000BBCBD /* UITextField.swift */ = {isa = PBXFileReference; fileEncoding = 4; lastKnownFileType = sourcecode.swift; path = UITextField.swift; sourceTree = "<group>"; };
		3AE2916D274D21780068843A /* README.md */ = {isa = PBXFileReference; fileEncoding = 4; lastKnownFileType = net.daringfireball.markdown; path = README.md; sourceTree = SOURCE_ROOT; };
		3AE29173274D23040068843A /* Constants.swift */ = {isa = PBXFileReference; fileEncoding = 4; lastKnownFileType = sourcecode.swift; path = Constants.swift; sourceTree = "<group>"; };
		3AE29176274D2E570068843A /* MoodBoard.storyboard */ = {isa = PBXFileReference; lastKnownFileType = file.storyboard; path = MoodBoard.storyboard; sourceTree = "<group>"; };
		3AE29178274D3AC70068843A /* Monaco.ttf */ = {isa = PBXFileReference; lastKnownFileType = file; path = Monaco.ttf; sourceTree = "<group>"; };
		3AE2917C274D67400068843A /* UIViewController+CustomUI.swift */ = {isa = PBXFileReference; fileEncoding = 4; lastKnownFileType = sourcecode.swift; path = "UIViewController+CustomUI.swift"; sourceTree = "<group>"; };
		3AEB93732756ACDE00405217 /* WebKit.framework */ = {isa = PBXFileReference; lastKnownFileType = wrapper.framework; name = WebKit.framework; path = System/Library/Frameworks/WebKit.framework; sourceTree = SDKROOT; };
		3AF6AEE72754D80700A8D6E5 /* MoodHistoryCollectionViewCell.swift */ = {isa = PBXFileReference; lastKnownFileType = sourcecode.swift; path = MoodHistoryCollectionViewCell.swift; sourceTree = "<group>"; };
		3AF6AEE82754D80700A8D6E5 /* MoodHistoryCollectionViewCell.xib */ = {isa = PBXFileReference; lastKnownFileType = file.xib; path = MoodHistoryCollectionViewCell.xib; sourceTree = "<group>"; };
		3AF6AEF12754FEB600A8D6E5 /* UICollectionViewCell+CustomUI.swift */ = {isa = PBXFileReference; lastKnownFileType = sourcecode.swift; path = "UICollectionViewCell+CustomUI.swift"; sourceTree = "<group>"; };
		3AFA312E274EB4B90068FADF /* Mood.swift */ = {isa = PBXFileReference; lastKnownFileType = sourcecode.swift; path = Mood.swift; sourceTree = "<group>"; };
		3AFA3130274EB5120068FADF /* DataManager.swift */ = {isa = PBXFileReference; lastKnownFileType = sourcecode.swift; path = DataManager.swift; sourceTree = "<group>"; };
		3AFA3132274EBFF00068FADF /* String.swift */ = {isa = PBXFileReference; lastKnownFileType = sourcecode.swift; path = String.swift; sourceTree = "<group>"; };
		3AFA3134274EC0460068FADF /* Date.swift */ = {isa = PBXFileReference; lastKnownFileType = sourcecode.swift; path = Date.swift; sourceTree = "<group>"; };
		3AFA3136274EC0930068FADF /* FormateDate.swift */ = {isa = PBXFileReference; lastKnownFileType = sourcecode.swift; path = FormateDate.swift; sourceTree = "<group>"; };
		64504EC2608755D7E06FA57E /* Pods_NikoNikoTests.framework */ = {isa = PBXFileReference; explicitFileType = wrapper.framework; includeInIndex = 0; path = Pods_NikoNikoTests.framework; sourceTree = BUILT_PRODUCTS_DIR; };
		716629ED08B58D87C8644F6B /* Pods-NikoNiko.debug.xcconfig */ = {isa = PBXFileReference; includeInIndex = 1; lastKnownFileType = text.xcconfig; name = "Pods-NikoNiko.debug.xcconfig"; path = "Target Support Files/Pods-NikoNiko/Pods-NikoNiko.debug.xcconfig"; sourceTree = "<group>"; };
		732EF96DCD7AFE25E16DF4B3 /* Pods-NikoNiko.release.xcconfig */ = {isa = PBXFileReference; includeInIndex = 1; lastKnownFileType = text.xcconfig; name = "Pods-NikoNiko.release.xcconfig"; path = "Target Support Files/Pods-NikoNiko/Pods-NikoNiko.release.xcconfig"; sourceTree = "<group>"; };
		7660031396D8251913734801 /* Pods-NikoNikoTests.debug.xcconfig */ = {isa = PBXFileReference; includeInIndex = 1; lastKnownFileType = text.xcconfig; name = "Pods-NikoNikoTests.debug.xcconfig"; path = "Target Support Files/Pods-NikoNikoTests/Pods-NikoNikoTests.debug.xcconfig"; sourceTree = "<group>"; };
		82BAEAF15EEB91B392B5A4AA /* Pods_NikoNiko.framework */ = {isa = PBXFileReference; explicitFileType = wrapper.framework; includeInIndex = 0; path = Pods_NikoNiko.framework; sourceTree = BUILT_PRODUCTS_DIR; };
/* End PBXFileReference section */

/* Begin PBXFrameworksBuildPhase section */
		3A3EB509274C1805006EE44F /* Frameworks */ = {
			isa = PBXFrameworksBuildPhase;
			buildActionMask = 2147483647;
			files = (
				3AAA36A7275691F600FE4975 /* EventKitUI.framework in Frameworks */,
				3AAA36B42756922D00FE4975 /* CoreMedia.framework in Frameworks */,
				3AAA36B62756923700FE4975 /* MessageUI.framework in Frameworks */,
				3AAA36A8275691F600FE4975 /* EventKit.framework in Frameworks */,
				3AAA36AA275691FD00FE4975 /* AVFoundation.framework in Frameworks */,
				3AEB93742756ACDE00405217 /* WebKit.framework in Frameworks */,
				3AAA36AE2756921000FE4975 /* AudioToolbox.framework in Frameworks */,
				3AFA312D274EB2C70068FADF /* RealmSwift in Frameworks */,
				3AFA312B274EB2C70068FADF /* Realm in Frameworks */,
				3AAA36BA2756924800FE4975 /* SystemConfiguration.framework in Frameworks */,
				1EF997F5DD03D032AEAE3DDC /* Pods_NikoNiko.framework in Frameworks */,
				3AAA36B12756922300FE4975 /* CoreTelephony.framework in Frameworks */,
				3AAA36B22756922300FE4975 /* CoreGraphics.framework in Frameworks */,
				3AAA36B82756923F00FE4975 /* StoreKit.framework in Frameworks */,
				3AAA36AC2756920600FE4975 /* AdSupport.framework in Frameworks */,
			);
			runOnlyForDeploymentPostprocessing = 0;
		};
		3AA984EC2762849700BA18AB /* Frameworks */ = {
			isa = PBXFrameworksBuildPhase;
			buildActionMask = 2147483647;
			files = (
			);
			runOnlyForDeploymentPostprocessing = 0;
		};
		3AB53E35274F9D85002B3960 /* Frameworks */ = {
			isa = PBXFrameworksBuildPhase;
			buildActionMask = 2147483647;
			files = (
				508063948E33F12BF4723A68 /* Pods_NikoNikoTests.framework in Frameworks */,
			);
			runOnlyForDeploymentPostprocessing = 0;
		};
/* End PBXFrameworksBuildPhase section */

/* Begin PBXGroup section */
		3A0323DE275116D000D53B12 /* Extensions */ = {
			isa = PBXGroup;
			children = (
				3A0323DF275116D900D53B12 /* StringExtensionTests.swift */,
				3A0323E12751236700D53B12 /* DateExtensionTests.swift */,
			);
			path = Extensions;
			sourceTree = "<group>";
		};
		3A3EB503274C1805006EE44F = {
			isa = PBXGroup;
			children = (
				3A3EB50E274C1805006EE44F /* NikoNiko */,
				3AB53E39274F9D85002B3960 /* NikoNikoTests */,
				3AA984F02762849700BA18AB /* NikoNikoUITests */,
				3A3EB50D274C1805006EE44F /* Products */,
				C416985F620E9240A2560792 /* Pods */,
				575A51495DF16424DE72B43C /* Frameworks */,
			);
			sourceTree = "<group>";
		};
		3A3EB50D274C1805006EE44F /* Products */ = {
			isa = PBXGroup;
			children = (
				3A3EB50C274C1805006EE44F /* NikoNiko.app */,
				3AB53E38274F9D85002B3960 /* NikoNikoTests.xctest */,
				3AA984EF2762849700BA18AB /* NikoNikoUITests.xctest */,
			);
			name = Products;
			sourceTree = "<group>";
		};
		3A3EB50E274C1805006EE44F /* NikoNiko */ = {
			isa = PBXGroup;
			children = (
				3A3EB515274C1805006EE44F /* Main.storyboard */,
				3AE2916D274D21780068843A /* README.md */,
				3AE2916A274D20FA0068843A /* Local Storage */,
				3AA284D1275553D90064BA99 /* MoodBoard */,
				3AD35F1A275A4C08000BBCBD /* StatBoard */,
				3A4B1BA32759100400E5E2BD /* Settings */,
				3AA284D2275553FD0064BA99 /* Informations */,
				3AE2916B274D21040068843A /* Helpers */,
				3AE29168274D20E10068843A /* Supporting Files */,
			);
			path = NikoNiko;
			sourceTree = "<group>";
		};
		3A4B1BA32759100400E5E2BD /* Settings */ = {
			isa = PBXGroup;
			children = (
				3A4B1BA42759101400E5E2BD /* Model */,
				3A4B1BA62759101C00E5E2BD /* Controller */,
				3A4B1BA52759101900E5E2BD /* View */,
			);
			path = Settings;
			sourceTree = "<group>";
		};
		3A4B1BA42759101400E5E2BD /* Model */ = {
			isa = PBXGroup;
			children = (
				3AABD363275F6E800021FA91 /* Theme.swift */,
			);
			path = Model;
			sourceTree = "<group>";
		};
		3A4B1BA52759101900E5E2BD /* View */ = {
			isa = PBXGroup;
			children = (
				3A4B1BA72759103700E5E2BD /* Settings.storyboard */,
			);
			path = View;
			sourceTree = "<group>";
		};
		3A4B1BA62759101C00E5E2BD /* Controller */ = {
			isa = PBXGroup;
			children = (
				3A4B1BA92759107700E5E2BD /* SettingsViewController.swift */,
			);
			path = Controller;
			sourceTree = "<group>";
		};
		3AA284D1275553D90064BA99 /* MoodBoard */ = {
			isa = PBXGroup;
			children = (
				3AE29169274D20F50068843A /* Model */,
				3AE29166274D20C50068843A /* Controller */,
				3AE29167274D20CD0068843A /* View */,
			);
			path = MoodBoard;
			sourceTree = "<group>";
		};
		3AA284D2275553FD0064BA99 /* Informations */ = {
			isa = PBXGroup;
			children = (
				3AA284D4275554150064BA99 /* Controller */,
				3AA284D32755540B0064BA99 /* View */,
			);
			path = Informations;
			sourceTree = "<group>";
		};
		3AA284D32755540B0064BA99 /* View */ = {
			isa = PBXGroup;
			children = (
				3AA284D5275554380064BA99 /* Informations.storyboard */,
			);
			path = View;
			sourceTree = "<group>";
		};
		3AA284D4275554150064BA99 /* Controller */ = {
			isa = PBXGroup;
			children = (
				3AA284D72755546E0064BA99 /* InformationsViewController.swift */,
				3AA284D92755548B0064BA99 /* WebViewInformationsViewController.swift */,
			);
			path = Controller;
			sourceTree = "<group>";
		};
		3AA284DB275554D50064BA99 /* AdMob */ = {
			isa = PBXGroup;
			children = (
				3AA284DC275554E50064BA99 /* AdMobService.swift */,
			);
			path = AdMob;
			sourceTree = "<group>";
		};
		3AA984F02762849700BA18AB /* NikoNikoUITests */ = {
			isa = PBXGroup;
			children = (
				3AA984F12762849700BA18AB /* MoodBoardViewControllerUITests.swift */,
				3A23AC9B277A111800CF22CC /* StatBoardViewControllerUITests.swift */,
				3A23AC9D277A115A00CF22CC /* SettingsViewControllerUITests.swift */,
				3A23AC9F277A117E00CF22CC /* InformationsUITests.swift */,
				3AA984F32762849700BA18AB /* NikoNikoUITestsLaunchTests.swift */,
			);
			path = NikoNikoUITests;
			sourceTree = "<group>";
		};
		3AB53E39274F9D85002B3960 /* NikoNikoTests */ = {
			isa = PBXGroup;
			children = (
				3A0323DE275116D000D53B12 /* Extensions */,
				3AB53E41274F9F70002B3960 /* RealmTests.swift */,
			);
			path = NikoNikoTests;
			sourceTree = "<group>";
		};
		3AD35F1A275A4C08000BBCBD /* StatBoard */ = {
			isa = PBXGroup;
			children = (
				3AD35F1D275A4C32000BBCBD /* Controller */,
				3AD35F1C275A4C2F000BBCBD /* View */,
			);
			path = StatBoard;
			sourceTree = "<group>";
		};
		3AD35F1C275A4C2F000BBCBD /* View */ = {
			isa = PBXGroup;
			children = (
				3AD35F20275A4C8C000BBCBD /* StatBoard.storyboard */,
				3AD35F27275A5E59000BBCBD /* StatTableViewCell.xib */,
				3AD35F26275A5E59000BBCBD /* StatTableViewCell.swift */,
			);
			path = View;
			sourceTree = "<group>";
		};
		3AD35F1D275A4C32000BBCBD /* Controller */ = {
			isa = PBXGroup;
			children = (
				3AD35F1E275A4C64000BBCBD /* StatBoardViewController.swift */,
			);
			path = Controller;
			sourceTree = "<group>";
		};
		3AE29166274D20C50068843A /* Controller */ = {
			isa = PBXGroup;
			children = (
				3A3EB513274C1805006EE44F /* MoodBoardViewController.swift */,
			);
			path = Controller;
			sourceTree = "<group>";
		};
		3AE29167274D20CD0068843A /* View */ = {
			isa = PBXGroup;
			children = (
				3AE29176274D2E570068843A /* MoodBoard.storyboard */,
				3AF6AEE82754D80700A8D6E5 /* MoodHistoryCollectionViewCell.xib */,
				3AF6AEE72754D80700A8D6E5 /* MoodHistoryCollectionViewCell.swift */,
			);
			path = View;
			sourceTree = "<group>";
		};
		3AE29168274D20E10068843A /* Supporting Files */ = {
			isa = PBXGroup;
			children = (
				3AE29178274D3AC70068843A /* Monaco.ttf */,
				3A3EB50F274C1805006EE44F /* AppDelegate.swift */,
				3A3EB511274C1805006EE44F /* SceneDelegate.swift */,
				3A3EB518274C1807006EE44F /* Assets.xcassets */,
				3A3EB51A274C1807006EE44F /* LaunchScreen.storyboard */,
				3A3EB51D274C1807006EE44F /* Info.plist */,
			);
			path = "Supporting Files";
			sourceTree = "<group>";
		};
		3AE29169274D20F50068843A /* Model */ = {
			isa = PBXGroup;
			children = (
				3AFA3136274EC0930068FADF /* FormateDate.swift */,
			);
			path = Model;
			sourceTree = "<group>";
		};
		3AE2916A274D20FA0068843A /* Local Storage */ = {
			isa = PBXGroup;
			children = (
				3AFA312E274EB4B90068FADF /* Mood.swift */,
				3A4B1BAB275941ED00E5E2BD /* AssetsImage.swift */,
				3AFA3130274EB5120068FADF /* DataManager.swift */,
				3A4B1BA027590A2600E5E2BD /* UserSettings.swift */,
			);
			path = "Local Storage";
			sourceTree = "<group>";
		};
		3AE2916B274D21040068843A /* Helpers */ = {
			isa = PBXGroup;
			children = (
				3AE29173274D23040068843A /* Constants.swift */,
				3AA284DB275554D50064BA99 /* AdMob */,
				3AE2916C274D21090068843A /* Extensions */,
			);
			path = Helpers;
			sourceTree = "<group>";
		};
		3AE2916C274D21090068843A /* Extensions */ = {
			isa = PBXGroup;
			children = (
				3AFA3134274EC0460068FADF /* Date.swift */,
				3AFA3132274EBFF00068FADF /* String.swift */,
				3AE2917C274D67400068843A /* UIViewController+CustomUI.swift */,
				3AF6AEF12754FEB600A8D6E5 /* UICollectionViewCell+CustomUI.swift */,
				3AB56029275B8CB40052732E /* UITableViewCell+CustomUI.swift */,
				3AAA36BD2756A59900FE4975 /* UIViewController+Alert.swift */,
				3A011B032756505E009CC1CE /* UIViewController+GADBannerViewDelegate.swift */,
				3AAA36BB2756A57500FE4975 /* UiViewController+WKWebView.swift */,
				3AD35F2A275A6398000BBCBD /* UITextField.swift */,
				3A991B322757E2ED0091587F /* UIColor.swift */,
				3AABD361275F6D030021FA91 /* UIImage.swift */,
			);
			path = Extensions;
			sourceTree = "<group>";
		};
		575A51495DF16424DE72B43C /* Frameworks */ = {
			isa = PBXGroup;
			children = (
				3AEB93732756ACDE00405217 /* WebKit.framework */,
				3AAA36B92756924800FE4975 /* SystemConfiguration.framework */,
				3AAA36B72756923F00FE4975 /* StoreKit.framework */,
				3AAA36B52756923700FE4975 /* MessageUI.framework */,
				3AAA36B32756922D00FE4975 /* CoreMedia.framework */,
				3AAA36B02756922300FE4975 /* CoreGraphics.framework */,
				3AAA36AF2756922300FE4975 /* CoreTelephony.framework */,
				3AAA36AD2756921000FE4975 /* AudioToolbox.framework */,
				3AAA36AB2756920600FE4975 /* AdSupport.framework */,
				3AAA36A9275691FD00FE4975 /* AVFoundation.framework */,
				3AAA36A6275691F600FE4975 /* EventKit.framework */,
				3AAA36A5275691F600FE4975 /* EventKitUI.framework */,
				82BAEAF15EEB91B392B5A4AA /* Pods_NikoNiko.framework */,
				64504EC2608755D7E06FA57E /* Pods_NikoNikoTests.framework */,
			);
			name = Frameworks;
			sourceTree = "<group>";
		};
		C416985F620E9240A2560792 /* Pods */ = {
			isa = PBXGroup;
			children = (
				716629ED08B58D87C8644F6B /* Pods-NikoNiko.debug.xcconfig */,
				732EF96DCD7AFE25E16DF4B3 /* Pods-NikoNiko.release.xcconfig */,
				7660031396D8251913734801 /* Pods-NikoNikoTests.debug.xcconfig */,
				2724C3C431771F8CB0E331DB /* Pods-NikoNikoTests.release.xcconfig */,
			);
			path = Pods;
			sourceTree = "<group>";
		};
/* End PBXGroup section */

/* Begin PBXNativeTarget section */
		3A3EB50B274C1805006EE44F /* NikoNiko */ = {
			isa = PBXNativeTarget;
			buildConfigurationList = 3A3EB520274C1807006EE44F /* Build configuration list for PBXNativeTarget "NikoNiko" */;
			buildPhases = (
				BDF28FFCE7B347090B378479 /* [CP] Check Pods Manifest.lock */,
				3A3EB508274C1805006EE44F /* Sources */,
				3A3EB509274C1805006EE44F /* Frameworks */,
				3A3EB50A274C1805006EE44F /* Resources */,
				3AE29175274D26C20068843A /* ShellScript */,
				972050920A4AD1D476D57F70 /* [CP] Embed Pods Frameworks */,
			);
			buildRules = (
			);
			dependencies = (
			);
			name = NikoNiko;
			packageProductDependencies = (
				3AFA312A274EB2C70068FADF /* Realm */,
				3AFA312C274EB2C70068FADF /* RealmSwift */,
			);
			productName = NikoNiko;
			productReference = 3A3EB50C274C1805006EE44F /* NikoNiko.app */;
			productType = "com.apple.product-type.application";
		};
		3AA984EE2762849700BA18AB /* NikoNikoUITests */ = {
			isa = PBXNativeTarget;
			buildConfigurationList = 3AA984F72762849800BA18AB /* Build configuration list for PBXNativeTarget "NikoNikoUITests" */;
			buildPhases = (
				3AA984EB2762849700BA18AB /* Sources */,
				3AA984EC2762849700BA18AB /* Frameworks */,
				3AA984ED2762849700BA18AB /* Resources */,
			);
			buildRules = (
			);
			dependencies = (
				3AA984F62762849700BA18AB /* PBXTargetDependency */,
			);
			name = NikoNikoUITests;
			productName = NikoNikoUITests;
			productReference = 3AA984EF2762849700BA18AB /* NikoNikoUITests.xctest */;
			productType = "com.apple.product-type.bundle.ui-testing";
		};
		3AB53E37274F9D85002B3960 /* NikoNikoTests */ = {
			isa = PBXNativeTarget;
			buildConfigurationList = 3AB53E40274F9D85002B3960 /* Build configuration list for PBXNativeTarget "NikoNikoTests" */;
			buildPhases = (
				B126474DE31941491A094B38 /* [CP] Check Pods Manifest.lock */,
				3AB53E34274F9D85002B3960 /* Sources */,
				3AB53E35274F9D85002B3960 /* Frameworks */,
				3AB53E36274F9D85002B3960 /* Resources */,
			);
			buildRules = (
			);
			dependencies = (
				3AB53E3D274F9D85002B3960 /* PBXTargetDependency */,
			);
			name = NikoNikoTests;
			productName = NikoNikoTests;
			productReference = 3AB53E38274F9D85002B3960 /* NikoNikoTests.xctest */;
			productType = "com.apple.product-type.bundle.unit-test";
		};
/* End PBXNativeTarget section */

/* Begin PBXProject section */
		3A3EB504274C1805006EE44F /* Project object */ = {
			isa = PBXProject;
			attributes = {
				BuildIndependentTargetsInParallel = 1;
				LastSwiftUpdateCheck = 1310;
				LastUpgradeCheck = 1310;
				TargetAttributes = {
					3A3EB50B274C1805006EE44F = {
						CreatedOnToolsVersion = 13.1;
					};
					3AA984EE2762849700BA18AB = {
						CreatedOnToolsVersion = 13.1;
						TestTargetID = 3A3EB50B274C1805006EE44F;
					};
					3AB53E37274F9D85002B3960 = {
						CreatedOnToolsVersion = 13.1;
						TestTargetID = 3A3EB50B274C1805006EE44F;
					};
				};
			};
			buildConfigurationList = 3A3EB507274C1805006EE44F /* Build configuration list for PBXProject "NikoNiko" */;
			compatibilityVersion = "Xcode 13.0";
			developmentRegion = en;
			hasScannedForEncodings = 0;
			knownRegions = (
				en,
				Base,
			);
			mainGroup = 3A3EB503274C1805006EE44F;
			packageReferences = (
				3AFA3129274EB2C70068FADF /* XCRemoteSwiftPackageReference "realm-cocoa" */,
			);
			productRefGroup = 3A3EB50D274C1805006EE44F /* Products */;
			projectDirPath = "";
			projectRoot = "";
			targets = (
				3A3EB50B274C1805006EE44F /* NikoNiko */,
				3AB53E37274F9D85002B3960 /* NikoNikoTests */,
				3AA984EE2762849700BA18AB /* NikoNikoUITests */,
			);
		};
/* End PBXProject section */

/* Begin PBXResourcesBuildPhase section */
		3A3EB50A274C1805006EE44F /* Resources */ = {
			isa = PBXResourcesBuildPhase;
			buildActionMask = 2147483647;
			files = (
				3A3EB51C274C1807006EE44F /* LaunchScreen.storyboard in Resources */,
				3A3EB519274C1807006EE44F /* Assets.xcassets in Resources */,
				3AA284D6275554380064BA99 /* Informations.storyboard in Resources */,
				3AD35F21275A4C8C000BBCBD /* StatBoard.storyboard in Resources */,
				3AE29177274D2E570068843A /* MoodBoard.storyboard in Resources */,
				3AE2916E274D21780068843A /* README.md in Resources */,
				3A3EB517274C1805006EE44F /* Main.storyboard in Resources */,
				3AE29179274D3AC80068843A /* Monaco.ttf in Resources */,
				3AF6AEEA2754D80700A8D6E5 /* MoodHistoryCollectionViewCell.xib in Resources */,
				3AD35F29275A5E59000BBCBD /* StatTableViewCell.xib in Resources */,
				3A4B1BA82759103700E5E2BD /* Settings.storyboard in Resources */,
			);
			runOnlyForDeploymentPostprocessing = 0;
		};
		3AA984ED2762849700BA18AB /* Resources */ = {
			isa = PBXResourcesBuildPhase;
			buildActionMask = 2147483647;
			files = (
			);
			runOnlyForDeploymentPostprocessing = 0;
		};
		3AB53E36274F9D85002B3960 /* Resources */ = {
			isa = PBXResourcesBuildPhase;
			buildActionMask = 2147483647;
			files = (
			);
			runOnlyForDeploymentPostprocessing = 0;
		};
/* End PBXResourcesBuildPhase section */

/* Begin PBXShellScriptBuildPhase section */
		3AE29175274D26C20068843A /* ShellScript */ = {
			isa = PBXShellScriptBuildPhase;
			buildActionMask = 2147483647;
			files = (
			);
			inputFileListPaths = (
			);
			inputPaths = (
			);
			outputFileListPaths = (
			);
			outputPaths = (
			);
			runOnlyForDeploymentPostprocessing = 0;
			shellPath = /bin/sh;
			shellScript = "if which swiftlint >/dev/null; then\n    swiftlint\nelse\n    echo \"warning: SwiftLint not installed, download from https://github.com/realm/SwiftLint\"\nfi\n";
		};
		972050920A4AD1D476D57F70 /* [CP] Embed Pods Frameworks */ = {
			isa = PBXShellScriptBuildPhase;
			buildActionMask = 2147483647;
			files = (
			);
			inputFileListPaths = (
				"${PODS_ROOT}/Target Support Files/Pods-NikoNiko/Pods-NikoNiko-frameworks-${CONFIGURATION}-input-files.xcfilelist",
			);
			name = "[CP] Embed Pods Frameworks";
			outputFileListPaths = (
				"${PODS_ROOT}/Target Support Files/Pods-NikoNiko/Pods-NikoNiko-frameworks-${CONFIGURATION}-output-files.xcfilelist",
			);
			runOnlyForDeploymentPostprocessing = 0;
			shellPath = /bin/sh;
			shellScript = "\"${PODS_ROOT}/Target Support Files/Pods-NikoNiko/Pods-NikoNiko-frameworks.sh\"\n";
			showEnvVarsInLog = 0;
		};
		B126474DE31941491A094B38 /* [CP] Check Pods Manifest.lock */ = {
			isa = PBXShellScriptBuildPhase;
			buildActionMask = 2147483647;
			files = (
			);
			inputFileListPaths = (
			);
			inputPaths = (
				"${PODS_PODFILE_DIR_PATH}/Podfile.lock",
				"${PODS_ROOT}/Manifest.lock",
			);
			name = "[CP] Check Pods Manifest.lock";
			outputFileListPaths = (
			);
			outputPaths = (
				"$(DERIVED_FILE_DIR)/Pods-NikoNikoTests-checkManifestLockResult.txt",
			);
			runOnlyForDeploymentPostprocessing = 0;
			shellPath = /bin/sh;
			shellScript = "diff \"${PODS_PODFILE_DIR_PATH}/Podfile.lock\" \"${PODS_ROOT}/Manifest.lock\" > /dev/null\nif [ $? != 0 ] ; then\n    # print error to STDERR\n    echo \"error: The sandbox is not in sync with the Podfile.lock. Run 'pod install' or update your CocoaPods installation.\" >&2\n    exit 1\nfi\n# This output is used by Xcode 'outputs' to avoid re-running this script phase.\necho \"SUCCESS\" > \"${SCRIPT_OUTPUT_FILE_0}\"\n";
			showEnvVarsInLog = 0;
		};
		BDF28FFCE7B347090B378479 /* [CP] Check Pods Manifest.lock */ = {
			isa = PBXShellScriptBuildPhase;
			buildActionMask = 2147483647;
			files = (
			);
			inputFileListPaths = (
			);
			inputPaths = (
				"${PODS_PODFILE_DIR_PATH}/Podfile.lock",
				"${PODS_ROOT}/Manifest.lock",
			);
			name = "[CP] Check Pods Manifest.lock";
			outputFileListPaths = (
			);
			outputPaths = (
				"$(DERIVED_FILE_DIR)/Pods-NikoNiko-checkManifestLockResult.txt",
			);
			runOnlyForDeploymentPostprocessing = 0;
			shellPath = /bin/sh;
			shellScript = "diff \"${PODS_PODFILE_DIR_PATH}/Podfile.lock\" \"${PODS_ROOT}/Manifest.lock\" > /dev/null\nif [ $? != 0 ] ; then\n    # print error to STDERR\n    echo \"error: The sandbox is not in sync with the Podfile.lock. Run 'pod install' or update your CocoaPods installation.\" >&2\n    exit 1\nfi\n# This output is used by Xcode 'outputs' to avoid re-running this script phase.\necho \"SUCCESS\" > \"${SCRIPT_OUTPUT_FILE_0}\"\n";
			showEnvVarsInLog = 0;
		};
/* End PBXShellScriptBuildPhase section */

/* Begin PBXSourcesBuildPhase section */
		3A3EB508274C1805006EE44F /* Sources */ = {
			isa = PBXSourcesBuildPhase;
			buildActionMask = 2147483647;
			files = (
				3AA284D82755546E0064BA99 /* InformationsViewController.swift in Sources */,
				3AA284DD275554E50064BA99 /* AdMobService.swift in Sources */,
				3AE29174274D23050068843A /* Constants.swift in Sources */,
				3AD35F1F275A4C64000BBCBD /* StatBoardViewController.swift in Sources */,
				3AFA3135274EC0460068FADF /* Date.swift in Sources */,
				3AD35F2B275A6398000BBCBD /* UITextField.swift in Sources */,
				3A4B1BA127590A2700E5E2BD /* UserSettings.swift in Sources */,
				3AD35F28275A5E59000BBCBD /* StatTableViewCell.swift in Sources */,
				3AA284DA2755548B0064BA99 /* WebViewInformationsViewController.swift in Sources */,
				3AB5602A275B8CB40052732E /* UITableViewCell+CustomUI.swift in Sources */,
				3AF6AEF22754FEB600A8D6E5 /* UICollectionViewCell+CustomUI.swift in Sources */,
				3AFA3131274EB5120068FADF /* DataManager.swift in Sources */,
				3A4B1BAC275941ED00E5E2BD /* AssetsImage.swift in Sources */,
				3AABD362275F6D030021FA91 /* UIImage.swift in Sources */,
				3A3EB514274C1805006EE44F /* MoodBoardViewController.swift in Sources */,
				3AFA3133274EBFF00068FADF /* String.swift in Sources */,
				3A3EB510274C1805006EE44F /* AppDelegate.swift in Sources */,
				3AF6AEE92754D80700A8D6E5 /* MoodHistoryCollectionViewCell.swift in Sources */,
				3AFA312F274EB4B90068FADF /* Mood.swift in Sources */,
				3A4B1BAA2759107700E5E2BD /* SettingsViewController.swift in Sources */,
				3A011B042756505E009CC1CE /* UIViewController+GADBannerViewDelegate.swift in Sources */,
				3AABD364275F6E800021FA91 /* Theme.swift in Sources */,
				3AAA36BC2756A57500FE4975 /* UiViewController+WKWebView.swift in Sources */,
				3A3EB512274C1805006EE44F /* SceneDelegate.swift in Sources */,
				3A991B332757E2ED0091587F /* UIColor.swift in Sources */,
				3AAA36BE2756A59900FE4975 /* UIViewController+Alert.swift in Sources */,
				3AE2917D274D67400068843A /* UIViewController+CustomUI.swift in Sources */,
				3AFA3137274EC0930068FADF /* FormateDate.swift in Sources */,
			);
			runOnlyForDeploymentPostprocessing = 0;
		};
		3AA984EB2762849700BA18AB /* Sources */ = {
			isa = PBXSourcesBuildPhase;
			buildActionMask = 2147483647;
			files = (
				3AA984F42762849700BA18AB /* NikoNikoUITestsLaunchTests.swift in Sources */,
				3A23AC9E277A115A00CF22CC /* SettingsViewControllerUITests.swift in Sources */,
				3AA984F22762849700BA18AB /* MoodBoardViewControllerUITests.swift in Sources */,
				3A23AC9C277A111800CF22CC /* StatBoardViewControllerUITests.swift in Sources */,
				3A23ACA0277A117E00CF22CC /* InformationsUITests.swift in Sources */,
			);
			runOnlyForDeploymentPostprocessing = 0;
		};
		3AB53E34274F9D85002B3960 /* Sources */ = {
			isa = PBXSourcesBuildPhase;
			buildActionMask = 2147483647;
			files = (
				3A0323E22751236700D53B12 /* DateExtensionTests.swift in Sources */,
				3AB53E42274F9F70002B3960 /* RealmTests.swift in Sources */,
				3A0323E0275116D900D53B12 /* StringExtensionTests.swift in Sources */,
			);
			runOnlyForDeploymentPostprocessing = 0;
		};
/* End PBXSourcesBuildPhase section */

/* Begin PBXTargetDependency section */
		3AA984F62762849700BA18AB /* PBXTargetDependency */ = {
			isa = PBXTargetDependency;
			target = 3A3EB50B274C1805006EE44F /* NikoNiko */;
			targetProxy = 3AA984F52762849700BA18AB /* PBXContainerItemProxy */;
		};
		3AB53E3D274F9D85002B3960 /* PBXTargetDependency */ = {
			isa = PBXTargetDependency;
			target = 3A3EB50B274C1805006EE44F /* NikoNiko */;
			targetProxy = 3AB53E3C274F9D85002B3960 /* PBXContainerItemProxy */;
		};
/* End PBXTargetDependency section */

/* Begin PBXVariantGroup section */
		3A3EB515274C1805006EE44F /* Main.storyboard */ = {
			isa = PBXVariantGroup;
			children = (
				3A3EB516274C1805006EE44F /* Base */,
			);
			name = Main.storyboard;
			sourceTree = "<group>";
		};
		3A3EB51A274C1807006EE44F /* LaunchScreen.storyboard */ = {
			isa = PBXVariantGroup;
			children = (
				3A3EB51B274C1807006EE44F /* Base */,
			);
			name = LaunchScreen.storyboard;
			sourceTree = "<group>";
		};
/* End PBXVariantGroup section */

/* Begin XCBuildConfiguration section */
		3A3EB51E274C1807006EE44F /* Debug */ = {
			isa = XCBuildConfiguration;
			buildSettings = {
				ALWAYS_SEARCH_USER_PATHS = NO;
				CLANG_ANALYZER_NONNULL = YES;
				CLANG_ANALYZER_NUMBER_OBJECT_CONVERSION = YES_AGGRESSIVE;
				CLANG_CXX_LANGUAGE_STANDARD = "gnu++17";
				CLANG_CXX_LIBRARY = "libc++";
				CLANG_ENABLE_MODULES = YES;
				CLANG_ENABLE_OBJC_ARC = YES;
				CLANG_ENABLE_OBJC_WEAK = YES;
				CLANG_WARN_BLOCK_CAPTURE_AUTORELEASING = YES;
				CLANG_WARN_BOOL_CONVERSION = YES;
				CLANG_WARN_COMMA = YES;
				CLANG_WARN_CONSTANT_CONVERSION = YES;
				CLANG_WARN_DEPRECATED_OBJC_IMPLEMENTATIONS = YES;
				CLANG_WARN_DIRECT_OBJC_ISA_USAGE = YES_ERROR;
				CLANG_WARN_DOCUMENTATION_COMMENTS = YES;
				CLANG_WARN_EMPTY_BODY = YES;
				CLANG_WARN_ENUM_CONVERSION = YES;
				CLANG_WARN_INFINITE_RECURSION = YES;
				CLANG_WARN_INT_CONVERSION = YES;
				CLANG_WARN_NON_LITERAL_NULL_CONVERSION = YES;
				CLANG_WARN_OBJC_IMPLICIT_RETAIN_SELF = YES;
				CLANG_WARN_OBJC_LITERAL_CONVERSION = YES;
				CLANG_WARN_OBJC_ROOT_CLASS = YES_ERROR;
				CLANG_WARN_QUOTED_INCLUDE_IN_FRAMEWORK_HEADER = YES;
				CLANG_WARN_RANGE_LOOP_ANALYSIS = YES;
				CLANG_WARN_STRICT_PROTOTYPES = YES;
				CLANG_WARN_SUSPICIOUS_MOVE = YES;
				CLANG_WARN_UNGUARDED_AVAILABILITY = YES_AGGRESSIVE;
				CLANG_WARN_UNREACHABLE_CODE = YES;
				CLANG_WARN__DUPLICATE_METHOD_MATCH = YES;
				COPY_PHASE_STRIP = NO;
				DEBUG_INFORMATION_FORMAT = dwarf;
				ENABLE_STRICT_OBJC_MSGSEND = YES;
				ENABLE_TESTABILITY = YES;
				GCC_C_LANGUAGE_STANDARD = gnu11;
				GCC_DYNAMIC_NO_PIC = NO;
				GCC_NO_COMMON_BLOCKS = YES;
				GCC_OPTIMIZATION_LEVEL = 0;
				GCC_PREPROCESSOR_DEFINITIONS = (
					"DEBUG=1",
					"$(inherited)",
				);
				GCC_WARN_64_TO_32_BIT_CONVERSION = YES;
				GCC_WARN_ABOUT_RETURN_TYPE = YES_ERROR;
				GCC_WARN_UNDECLARED_SELECTOR = YES;
				GCC_WARN_UNINITIALIZED_AUTOS = YES_AGGRESSIVE;
				GCC_WARN_UNUSED_FUNCTION = YES;
				GCC_WARN_UNUSED_VARIABLE = YES;
				IPHONEOS_DEPLOYMENT_TARGET = 13.0;
				MTL_ENABLE_DEBUG_INFO = INCLUDE_SOURCE;
				MTL_FAST_MATH = YES;
				ONLY_ACTIVE_ARCH = YES;
				SDKROOT = iphoneos;
				SWIFT_ACTIVE_COMPILATION_CONDITIONS = DEBUG;
				SWIFT_OPTIMIZATION_LEVEL = "-Onone";
			};
			name = Debug;
		};
		3A3EB51F274C1807006EE44F /* Release */ = {
			isa = XCBuildConfiguration;
			buildSettings = {
				ALWAYS_SEARCH_USER_PATHS = NO;
				CLANG_ANALYZER_NONNULL = YES;
				CLANG_ANALYZER_NUMBER_OBJECT_CONVERSION = YES_AGGRESSIVE;
				CLANG_CXX_LANGUAGE_STANDARD = "gnu++17";
				CLANG_CXX_LIBRARY = "libc++";
				CLANG_ENABLE_MODULES = YES;
				CLANG_ENABLE_OBJC_ARC = YES;
				CLANG_ENABLE_OBJC_WEAK = YES;
				CLANG_WARN_BLOCK_CAPTURE_AUTORELEASING = YES;
				CLANG_WARN_BOOL_CONVERSION = YES;
				CLANG_WARN_COMMA = YES;
				CLANG_WARN_CONSTANT_CONVERSION = YES;
				CLANG_WARN_DEPRECATED_OBJC_IMPLEMENTATIONS = YES;
				CLANG_WARN_DIRECT_OBJC_ISA_USAGE = YES_ERROR;
				CLANG_WARN_DOCUMENTATION_COMMENTS = YES;
				CLANG_WARN_EMPTY_BODY = YES;
				CLANG_WARN_ENUM_CONVERSION = YES;
				CLANG_WARN_INFINITE_RECURSION = YES;
				CLANG_WARN_INT_CONVERSION = YES;
				CLANG_WARN_NON_LITERAL_NULL_CONVERSION = YES;
				CLANG_WARN_OBJC_IMPLICIT_RETAIN_SELF = YES;
				CLANG_WARN_OBJC_LITERAL_CONVERSION = YES;
				CLANG_WARN_OBJC_ROOT_CLASS = YES_ERROR;
				CLANG_WARN_QUOTED_INCLUDE_IN_FRAMEWORK_HEADER = YES;
				CLANG_WARN_RANGE_LOOP_ANALYSIS = YES;
				CLANG_WARN_STRICT_PROTOTYPES = YES;
				CLANG_WARN_SUSPICIOUS_MOVE = YES;
				CLANG_WARN_UNGUARDED_AVAILABILITY = YES_AGGRESSIVE;
				CLANG_WARN_UNREACHABLE_CODE = YES;
				CLANG_WARN__DUPLICATE_METHOD_MATCH = YES;
				COPY_PHASE_STRIP = NO;
				DEBUG_INFORMATION_FORMAT = "dwarf-with-dsym";
				ENABLE_NS_ASSERTIONS = NO;
				ENABLE_STRICT_OBJC_MSGSEND = YES;
				GCC_C_LANGUAGE_STANDARD = gnu11;
				GCC_NO_COMMON_BLOCKS = YES;
				GCC_WARN_64_TO_32_BIT_CONVERSION = YES;
				GCC_WARN_ABOUT_RETURN_TYPE = YES_ERROR;
				GCC_WARN_UNDECLARED_SELECTOR = YES;
				GCC_WARN_UNINITIALIZED_AUTOS = YES_AGGRESSIVE;
				GCC_WARN_UNUSED_FUNCTION = YES;
				GCC_WARN_UNUSED_VARIABLE = YES;
				IPHONEOS_DEPLOYMENT_TARGET = 13.0;
				MTL_ENABLE_DEBUG_INFO = NO;
				MTL_FAST_MATH = YES;
				SDKROOT = iphoneos;
				SWIFT_COMPILATION_MODE = wholemodule;
				SWIFT_OPTIMIZATION_LEVEL = "-O";
				VALIDATE_PRODUCT = YES;
			};
			name = Release;
		};
		3A3EB521274C1807006EE44F /* Debug */ = {
			isa = XCBuildConfiguration;
			baseConfigurationReference = 716629ED08B58D87C8644F6B /* Pods-NikoNiko.debug.xcconfig */;
			buildSettings = {
				ASSETCATALOG_COMPILER_APPICON_NAME = AppIcon;
				ASSETCATALOG_COMPILER_GLOBAL_ACCENT_COLOR_NAME = AccentColor;
				CODE_SIGN_STYLE = Automatic;
				CURRENT_PROJECT_VERSION = 1;
				DEVELOPMENT_TEAM = AS4ZG3MAQH;
				GENERATE_INFOPLIST_FILE = YES;
				INFOPLIST_FILE = "NikoNiko/Supporting Files/Info.plist";
				INFOPLIST_KEY_UIApplicationSupportsIndirectInputEvents = YES;
				INFOPLIST_KEY_UILaunchStoryboardName = LaunchScreen;
				INFOPLIST_KEY_UIMainStoryboardFile = Main;
				INFOPLIST_KEY_UISupportedInterfaceOrientations = "UIInterfaceOrientationPortrait UIInterfaceOrientationPortraitUpsideDown";
				INFOPLIST_KEY_UISupportedInterfaceOrientations_iPad = "UIInterfaceOrientationPortrait UIInterfaceOrientationPortraitUpsideDown UIInterfaceOrientationLandscapeLeft UIInterfaceOrientationLandscapeRight";
				INFOPLIST_KEY_UISupportedInterfaceOrientations_iPhone = "UIInterfaceOrientationPortrait UIInterfaceOrientationLandscapeLeft UIInterfaceOrientationLandscapeRight";
				IPHONEOS_DEPLOYMENT_TARGET = 13.0;
				LD_RUNPATH_SEARCH_PATHS = (
					"$(inherited)",
					"@executable_path/Frameworks",
				);
				MARKETING_VERSION = 1.0;
				PRODUCT_BUNDLE_IDENTIFIER = io.angelappdev.NikoNiko;
				PRODUCT_NAME = "$(TARGET_NAME)";
				SWIFT_EMIT_LOC_STRINGS = YES;
				SWIFT_VERSION = 5.0;
				TARGETED_DEVICE_FAMILY = "1,2";
			};
			name = Debug;
		};
		3A3EB522274C1807006EE44F /* Release */ = {
			isa = XCBuildConfiguration;
			baseConfigurationReference = 732EF96DCD7AFE25E16DF4B3 /* Pods-NikoNiko.release.xcconfig */;
			buildSettings = {
				ASSETCATALOG_COMPILER_APPICON_NAME = AppIcon;
				ASSETCATALOG_COMPILER_GLOBAL_ACCENT_COLOR_NAME = AccentColor;
				CODE_SIGN_STYLE = Automatic;
				CURRENT_PROJECT_VERSION = 1;
				DEVELOPMENT_TEAM = AS4ZG3MAQH;
				GENERATE_INFOPLIST_FILE = YES;
				INFOPLIST_FILE = "NikoNiko/Supporting Files/Info.plist";
				INFOPLIST_KEY_UIApplicationSupportsIndirectInputEvents = YES;
				INFOPLIST_KEY_UILaunchStoryboardName = LaunchScreen;
				INFOPLIST_KEY_UIMainStoryboardFile = Main;
				INFOPLIST_KEY_UISupportedInterfaceOrientations = "UIInterfaceOrientationPortrait UIInterfaceOrientationPortraitUpsideDown";
				INFOPLIST_KEY_UISupportedInterfaceOrientations_iPad = "UIInterfaceOrientationPortrait UIInterfaceOrientationPortraitUpsideDown UIInterfaceOrientationLandscapeLeft UIInterfaceOrientationLandscapeRight";
				INFOPLIST_KEY_UISupportedInterfaceOrientations_iPhone = "UIInterfaceOrientationPortrait UIInterfaceOrientationLandscapeLeft UIInterfaceOrientationLandscapeRight";
				IPHONEOS_DEPLOYMENT_TARGET = 13.0;
				LD_RUNPATH_SEARCH_PATHS = (
					"$(inherited)",
					"@executable_path/Frameworks",
				);
				MARKETING_VERSION = 1.0;
				PRODUCT_BUNDLE_IDENTIFIER = io.angelappdev.NikoNiko;
				PRODUCT_NAME = "$(TARGET_NAME)";
				SWIFT_EMIT_LOC_STRINGS = YES;
				SWIFT_VERSION = 5.0;
				TARGETED_DEVICE_FAMILY = "1,2";
			};
			name = Release;
		};
		3AA984F82762849800BA18AB /* Debug */ = {
			isa = XCBuildConfiguration;
			buildSettings = {
				CODE_SIGN_STYLE = Automatic;
				CURRENT_PROJECT_VERSION = 1;
				DEVELOPMENT_TEAM = AS4ZG3MAQH;
				GENERATE_INFOPLIST_FILE = YES;
				IPHONEOS_DEPLOYMENT_TARGET = 15.0;
				LD_RUNPATH_SEARCH_PATHS = (
					"$(inherited)",
					"@executable_path/Frameworks",
					"@loader_path/Frameworks",
				);
				MARKETING_VERSION = 1.0;
				PRODUCT_BUNDLE_IDENTIFIER = io.angelappdev.NikoNikoUITests;
				PRODUCT_NAME = "$(TARGET_NAME)";
				SWIFT_EMIT_LOC_STRINGS = NO;
				SWIFT_VERSION = 5.0;
				TARGETED_DEVICE_FAMILY = "1,2";
				TEST_TARGET_NAME = NikoNiko;
			};
			name = Debug;
		};
		3AA984F92762849800BA18AB /* Release */ = {
			isa = XCBuildConfiguration;
			buildSettings = {
				CODE_SIGN_STYLE = Automatic;
				CURRENT_PROJECT_VERSION = 1;
				DEVELOPMENT_TEAM = AS4ZG3MAQH;
				GENERATE_INFOPLIST_FILE = YES;
				IPHONEOS_DEPLOYMENT_TARGET = 15.0;
				LD_RUNPATH_SEARCH_PATHS = (
					"$(inherited)",
					"@executable_path/Frameworks",
					"@loader_path/Frameworks",
				);
				MARKETING_VERSION = 1.0;
				PRODUCT_BUNDLE_IDENTIFIER = io.angelappdev.NikoNikoUITests;
				PRODUCT_NAME = "$(TARGET_NAME)";
				SWIFT_EMIT_LOC_STRINGS = NO;
				SWIFT_VERSION = 5.0;
				TARGETED_DEVICE_FAMILY = "1,2";
				TEST_TARGET_NAME = NikoNiko;
			};
			name = Release;
		};
		3AB53E3E274F9D85002B3960 /* Debug */ = {
			isa = XCBuildConfiguration;
			baseConfigurationReference = 7660031396D8251913734801 /* Pods-NikoNikoTests.debug.xcconfig */;
			buildSettings = {
				BUNDLE_LOADER = "$(TEST_HOST)";
				CODE_SIGN_STYLE = Automatic;
				CURRENT_PROJECT_VERSION = 1;
				DEVELOPMENT_TEAM = AS4ZG3MAQH;
				GENERATE_INFOPLIST_FILE = YES;
				IPHONEOS_DEPLOYMENT_TARGET = 15.0;
				LD_RUNPATH_SEARCH_PATHS = (
					"$(inherited)",
					"@executable_path/Frameworks",
					"@loader_path/Frameworks",
				);
				MARKETING_VERSION = 1.0;
				PRODUCT_BUNDLE_IDENTIFIER = io.angelappdev.NikoNikoTests;
				PRODUCT_NAME = "$(TARGET_NAME)";
				SWIFT_EMIT_LOC_STRINGS = NO;
				SWIFT_VERSION = 5.0;
				TARGETED_DEVICE_FAMILY = "1,2";
				TEST_HOST = "$(BUILT_PRODUCTS_DIR)/NikoNiko.app/NikoNiko";
			};
			name = Debug;
		};
		3AB53E3F274F9D85002B3960 /* Release */ = {
			isa = XCBuildConfiguration;
			baseConfigurationReference = 2724C3C431771F8CB0E331DB /* Pods-NikoNikoTests.release.xcconfig */;
			buildSettings = {
				BUNDLE_LOADER = "$(TEST_HOST)";
				CODE_SIGN_STYLE = Automatic;
				CURRENT_PROJECT_VERSION = 1;
				DEVELOPMENT_TEAM = AS4ZG3MAQH;
				GENERATE_INFOPLIST_FILE = YES;
				IPHONEOS_DEPLOYMENT_TARGET = 15.0;
				LD_RUNPATH_SEARCH_PATHS = (
					"$(inherited)",
					"@executable_path/Frameworks",
					"@loader_path/Frameworks",
				);
				MARKETING_VERSION = 1.0;
				PRODUCT_BUNDLE_IDENTIFIER = io.angelappdev.NikoNikoTests;
				PRODUCT_NAME = "$(TARGET_NAME)";
				SWIFT_EMIT_LOC_STRINGS = NO;
				SWIFT_VERSION = 5.0;
				TARGETED_DEVICE_FAMILY = "1,2";
				TEST_HOST = "$(BUILT_PRODUCTS_DIR)/NikoNiko.app/NikoNiko";
			};
			name = Release;
		};
/* End XCBuildConfiguration section */

/* Begin XCConfigurationList section */
		3A3EB507274C1805006EE44F /* Build configuration list for PBXProject "NikoNiko" */ = {
			isa = XCConfigurationList;
			buildConfigurations = (
				3A3EB51E274C1807006EE44F /* Debug */,
				3A3EB51F274C1807006EE44F /* Release */,
			);
			defaultConfigurationIsVisible = 0;
			defaultConfigurationName = Release;
		};
		3A3EB520274C1807006EE44F /* Build configuration list for PBXNativeTarget "NikoNiko" */ = {
			isa = XCConfigurationList;
			buildConfigurations = (
				3A3EB521274C1807006EE44F /* Debug */,
				3A3EB522274C1807006EE44F /* Release */,
			);
			defaultConfigurationIsVisible = 0;
			defaultConfigurationName = Release;
		};
		3AA984F72762849800BA18AB /* Build configuration list for PBXNativeTarget "NikoNikoUITests" */ = {
			isa = XCConfigurationList;
			buildConfigurations = (
				3AA984F82762849800BA18AB /* Debug */,
				3AA984F92762849800BA18AB /* Release */,
			);
			defaultConfigurationIsVisible = 0;
			defaultConfigurationName = Release;
		};
		3AB53E40274F9D85002B3960 /* Build configuration list for PBXNativeTarget "NikoNikoTests" */ = {
			isa = XCConfigurationList;
			buildConfigurations = (
				3AB53E3E274F9D85002B3960 /* Debug */,
				3AB53E3F274F9D85002B3960 /* Release */,
			);
			defaultConfigurationIsVisible = 0;
			defaultConfigurationName = Release;
		};
/* End XCConfigurationList section */

/* Begin XCRemoteSwiftPackageReference section */
		3AFA3129274EB2C70068FADF /* XCRemoteSwiftPackageReference "realm-cocoa" */ = {
			isa = XCRemoteSwiftPackageReference;
			repositoryURL = "https://github.com/realm/realm-cocoa";
			requirement = {
				kind = exactVersion;
				version = 10.19.0;
			};
		};
/* End XCRemoteSwiftPackageReference section */

/* Begin XCSwiftPackageProductDependency section */
		3AFA312A274EB2C70068FADF /* Realm */ = {
			isa = XCSwiftPackageProductDependency;
			package = 3AFA3129274EB2C70068FADF /* XCRemoteSwiftPackageReference "realm-cocoa" */;
			productName = Realm;
		};
		3AFA312C274EB2C70068FADF /* RealmSwift */ = {
			isa = XCSwiftPackageProductDependency;
			package = 3AFA3129274EB2C70068FADF /* XCRemoteSwiftPackageReference "realm-cocoa" */;
			productName = RealmSwift;
		};
/* End XCSwiftPackageProductDependency section */
	};
	rootObject = 3A3EB504274C1805006EE44F /* Project object */;
}
