// !$*UTF8*$!
{
	archiveVersion = 1;
	classes = {
	};
	objectVersion = 55;
	objects = {

/* Begin PBXBuildFile section */
		3A3EB510274C1805006EE44F /* AppDelegate.swift in Sources */ = {isa = PBXBuildFile; fileRef = 3A3EB50F274C1805006EE44F /* AppDelegate.swift */; };
		3A3EB512274C1805006EE44F /* SceneDelegate.swift in Sources */ = {isa = PBXBuildFile; fileRef = 3A3EB511274C1805006EE44F /* SceneDelegate.swift */; };
		3A3EB514274C1805006EE44F /* MoodBoardViewController.swift in Sources */ = {isa = PBXBuildFile; fileRef = 3A3EB513274C1805006EE44F /* MoodBoardViewController.swift */; };
		3A3EB517274C1805006EE44F /* Main.storyboard in Resources */ = {isa = PBXBuildFile; fileRef = 3A3EB515274C1805006EE44F /* Main.storyboard */; };
		3A3EB519274C1807006EE44F /* Assets.xcassets in Resources */ = {isa = PBXBuildFile; fileRef = 3A3EB518274C1807006EE44F /* Assets.xcassets */; };
		3A3EB51C274C1807006EE44F /* LaunchScreen.storyboard in Resources */ = {isa = PBXBuildFile; fileRef = 3A3EB51A274C1807006EE44F /* LaunchScreen.storyboard */; };
		3AB53E3B274F9D85002B3960 /* NikoNikoTests.swift in Sources */ = {isa = PBXBuildFile; fileRef = 3AB53E3A274F9D85002B3960 /* NikoNikoTests.swift */; };
		3AB53E42274F9F70002B3960 /* RealmTests.swift in Sources */ = {isa = PBXBuildFile; fileRef = 3AB53E41274F9F70002B3960 /* RealmTests.swift */; };
		3AE2916E274D21780068843A /* README.md in Resources */ = {isa = PBXBuildFile; fileRef = 3AE2916D274D21780068843A /* README.md */; };
		3AE29170274D22510068843A /* ApiKeys.swift in Sources */ = {isa = PBXBuildFile; fileRef = 3AE2916F274D22510068843A /* ApiKeys.swift */; };
		3AE29172274D22690068843A /* ApiKeys.plist in Resources */ = {isa = PBXBuildFile; fileRef = 3AE29171274D22690068843A /* ApiKeys.plist */; };
		3AE29174274D23050068843A /* Constants.swift in Sources */ = {isa = PBXBuildFile; fileRef = 3AE29173274D23040068843A /* Constants.swift */; };
		3AE29177274D2E570068843A /* MoodBoard.storyboard in Resources */ = {isa = PBXBuildFile; fileRef = 3AE29176274D2E570068843A /* MoodBoard.storyboard */; };
		3AE29179274D3AC80068843A /* Monaco.ttf in Resources */ = {isa = PBXBuildFile; fileRef = 3AE29178274D3AC70068843A /* Monaco.ttf */; };
		3AE2917D274D67400068843A /* UIViewController+CustomUI.swift in Sources */ = {isa = PBXBuildFile; fileRef = 3AE2917C274D67400068843A /* UIViewController+CustomUI.swift */; };
		3AFA312B274EB2C70068FADF /* Realm in Frameworks */ = {isa = PBXBuildFile; productRef = 3AFA312A274EB2C70068FADF /* Realm */; };
		3AFA312D274EB2C70068FADF /* RealmSwift in Frameworks */ = {isa = PBXBuildFile; productRef = 3AFA312C274EB2C70068FADF /* RealmSwift */; };
		3AFA312F274EB4B90068FADF /* Mood.swift in Sources */ = {isa = PBXBuildFile; fileRef = 3AFA312E274EB4B90068FADF /* Mood.swift */; };
		3AFA3131274EB5120068FADF /* DataManager.swift in Sources */ = {isa = PBXBuildFile; fileRef = 3AFA3130274EB5120068FADF /* DataManager.swift */; };
		3AFA3133274EBFF00068FADF /* String.swift in Sources */ = {isa = PBXBuildFile; fileRef = 3AFA3132274EBFF00068FADF /* String.swift */; };
		3AFA3135274EC0460068FADF /* Date.swift in Sources */ = {isa = PBXBuildFile; fileRef = 3AFA3134274EC0460068FADF /* Date.swift */; };
		3AFA3137274EC0930068FADF /* FormateDate.swift in Sources */ = {isa = PBXBuildFile; fileRef = 3AFA3136274EC0930068FADF /* FormateDate.swift */; };
/* End PBXBuildFile section */

/* Begin PBXContainerItemProxy section */
		3AB53E3C274F9D85002B3960 /* PBXContainerItemProxy */ = {
			isa = PBXContainerItemProxy;
			containerPortal = 3A3EB504274C1805006EE44F /* Project object */;
			proxyType = 1;
			remoteGlobalIDString = 3A3EB50B274C1805006EE44F;
			remoteInfo = NikoNiko;
		};
/* End PBXContainerItemProxy section */

/* Begin PBXFileReference section */
		3A3EB50C274C1805006EE44F /* NikoNiko.app */ = {isa = PBXFileReference; explicitFileType = wrapper.application; includeInIndex = 0; path = NikoNiko.app; sourceTree = BUILT_PRODUCTS_DIR; };
		3A3EB50F274C1805006EE44F /* AppDelegate.swift */ = {isa = PBXFileReference; lastKnownFileType = sourcecode.swift; path = AppDelegate.swift; sourceTree = "<group>"; };
		3A3EB511274C1805006EE44F /* SceneDelegate.swift */ = {isa = PBXFileReference; lastKnownFileType = sourcecode.swift; path = SceneDelegate.swift; sourceTree = "<group>"; };
		3A3EB513274C1805006EE44F /* MoodBoardViewController.swift */ = {isa = PBXFileReference; lastKnownFileType = sourcecode.swift; path = MoodBoardViewController.swift; sourceTree = "<group>"; };
		3A3EB516274C1805006EE44F /* Base */ = {isa = PBXFileReference; lastKnownFileType = file.storyboard; name = Base; path = Base.lproj/Main.storyboard; sourceTree = "<group>"; };
		3A3EB518274C1807006EE44F /* Assets.xcassets */ = {isa = PBXFileReference; lastKnownFileType = folder.assetcatalog; path = Assets.xcassets; sourceTree = "<group>"; };
		3A3EB51B274C1807006EE44F /* Base */ = {isa = PBXFileReference; lastKnownFileType = file.storyboard; name = Base; path = Base.lproj/LaunchScreen.storyboard; sourceTree = "<group>"; };
		3A3EB51D274C1807006EE44F /* Info.plist */ = {isa = PBXFileReference; lastKnownFileType = text.plist.xml; path = Info.plist; sourceTree = "<group>"; };
		3AB53E38274F9D85002B3960 /* NikoNikoTests.xctest */ = {isa = PBXFileReference; explicitFileType = wrapper.cfbundle; includeInIndex = 0; path = NikoNikoTests.xctest; sourceTree = BUILT_PRODUCTS_DIR; };
		3AB53E3A274F9D85002B3960 /* NikoNikoTests.swift */ = {isa = PBXFileReference; lastKnownFileType = sourcecode.swift; path = NikoNikoTests.swift; sourceTree = "<group>"; };
		3AB53E41274F9F70002B3960 /* RealmTests.swift */ = {isa = PBXFileReference; lastKnownFileType = sourcecode.swift; path = RealmTests.swift; sourceTree = "<group>"; };
		3AE2916D274D21780068843A /* README.md */ = {isa = PBXFileReference; fileEncoding = 4; lastKnownFileType = net.daringfireball.markdown; path = README.md; sourceTree = SOURCE_ROOT; };
		3AE2916F274D22510068843A /* ApiKeys.swift */ = {isa = PBXFileReference; fileEncoding = 4; lastKnownFileType = sourcecode.swift; path = ApiKeys.swift; sourceTree = "<group>"; };
		3AE29171274D22690068843A /* ApiKeys.plist */ = {isa = PBXFileReference; fileEncoding = 4; lastKnownFileType = text.plist.xml; path = ApiKeys.plist; sourceTree = "<group>"; };
		3AE29173274D23040068843A /* Constants.swift */ = {isa = PBXFileReference; fileEncoding = 4; lastKnownFileType = sourcecode.swift; path = Constants.swift; sourceTree = "<group>"; };
		3AE29176274D2E570068843A /* MoodBoard.storyboard */ = {isa = PBXFileReference; lastKnownFileType = file.storyboard; path = MoodBoard.storyboard; sourceTree = "<group>"; };
		3AE29178274D3AC70068843A /* Monaco.ttf */ = {isa = PBXFileReference; lastKnownFileType = file; path = Monaco.ttf; sourceTree = "<group>"; };
		3AE2917C274D67400068843A /* UIViewController+CustomUI.swift */ = {isa = PBXFileReference; fileEncoding = 4; lastKnownFileType = sourcecode.swift; path = "UIViewController+CustomUI.swift"; sourceTree = "<group>"; };
		3AFA312E274EB4B90068FADF /* Mood.swift */ = {isa = PBXFileReference; lastKnownFileType = sourcecode.swift; path = Mood.swift; sourceTree = "<group>"; };
		3AFA3130274EB5120068FADF /* DataManager.swift */ = {isa = PBXFileReference; lastKnownFileType = sourcecode.swift; path = DataManager.swift; sourceTree = "<group>"; };
		3AFA3132274EBFF00068FADF /* String.swift */ = {isa = PBXFileReference; lastKnownFileType = sourcecode.swift; path = String.swift; sourceTree = "<group>"; };
		3AFA3134274EC0460068FADF /* Date.swift */ = {isa = PBXFileReference; lastKnownFileType = sourcecode.swift; path = Date.swift; sourceTree = "<group>"; };
		3AFA3136274EC0930068FADF /* FormateDate.swift */ = {isa = PBXFileReference; lastKnownFileType = sourcecode.swift; path = FormateDate.swift; sourceTree = "<group>"; };
/* End PBXFileReference section */

/* Begin PBXFrameworksBuildPhase section */
		3A3EB509274C1805006EE44F /* Frameworks */ = {
			isa = PBXFrameworksBuildPhase;
			buildActionMask = 2147483647;
			files = (
				3AFA312D274EB2C70068FADF /* RealmSwift in Frameworks */,
				3AFA312B274EB2C70068FADF /* Realm in Frameworks */,
			);
			runOnlyForDeploymentPostprocessing = 0;
		};
		3AB53E35274F9D85002B3960 /* Frameworks */ = {
			isa = PBXFrameworksBuildPhase;
			buildActionMask = 2147483647;
			files = (
			);
			runOnlyForDeploymentPostprocessing = 0;
		};
/* End PBXFrameworksBuildPhase section */

/* Begin PBXGroup section */
		3A3EB503274C1805006EE44F = {
			isa = PBXGroup;
			children = (
				3A3EB50E274C1805006EE44F /* NikoNiko */,
				3AB53E39274F9D85002B3960 /* NikoNikoTests */,
				3A3EB50D274C1805006EE44F /* Products */,
			);
			sourceTree = "<group>";
		};
		3A3EB50D274C1805006EE44F /* Products */ = {
			isa = PBXGroup;
			children = (
				3A3EB50C274C1805006EE44F /* NikoNiko.app */,
				3AB53E38274F9D85002B3960 /* NikoNikoTests.xctest */,
			);
			name = Products;
			sourceTree = "<group>";
		};
		3A3EB50E274C1805006EE44F /* NikoNiko */ = {
			isa = PBXGroup;
			children = (
				3A3EB515274C1805006EE44F /* Main.storyboard */,
				3AE2916D274D21780068843A /* README.md */,
				3AE2916A274D20FA0068843A /* Local Storage */,
				3AE29169274D20F50068843A /* Model */,
				3AE29166274D20C50068843A /* Controller */,
				3AE29167274D20CD0068843A /* View */,
				3AE2916B274D21040068843A /* Helpers */,
				3AE29168274D20E10068843A /* Supporting Files */,
			);
			path = NikoNiko;
			sourceTree = "<group>";
		};
		3AB53E39274F9D85002B3960 /* NikoNikoTests */ = {
			isa = PBXGroup;
			children = (
				3AB53E3A274F9D85002B3960 /* NikoNikoTests.swift */,
				3AB53E41274F9F70002B3960 /* RealmTests.swift */,
			);
			path = NikoNikoTests;
			sourceTree = "<group>";
		};
		3AE29166274D20C50068843A /* Controller */ = {
			isa = PBXGroup;
			children = (
				3A3EB513274C1805006EE44F /* MoodBoardViewController.swift */,
			);
			path = Controller;
			sourceTree = "<group>";
		};
		3AE29167274D20CD0068843A /* View */ = {
			isa = PBXGroup;
			children = (
				3AE29176274D2E570068843A /* MoodBoard.storyboard */,
			);
			path = View;
			sourceTree = "<group>";
		};
		3AE29168274D20E10068843A /* Supporting Files */ = {
			isa = PBXGroup;
			children = (
				3AE29178274D3AC70068843A /* Monaco.ttf */,
				3AE2916F274D22510068843A /* ApiKeys.swift */,
				3AE29171274D22690068843A /* ApiKeys.plist */,
				3A3EB50F274C1805006EE44F /* AppDelegate.swift */,
				3A3EB511274C1805006EE44F /* SceneDelegate.swift */,
				3A3EB518274C1807006EE44F /* Assets.xcassets */,
				3A3EB51A274C1807006EE44F /* LaunchScreen.storyboard */,
				3A3EB51D274C1807006EE44F /* Info.plist */,
			);
			path = "Supporting Files";
			sourceTree = "<group>";
		};
		3AE29169274D20F50068843A /* Model */ = {
			isa = PBXGroup;
			children = (
				3AFA312E274EB4B90068FADF /* Mood.swift */,
				3AFA3130274EB5120068FADF /* DataManager.swift */,
				3AFA3136274EC0930068FADF /* FormateDate.swift */,
			);
			path = Model;
			sourceTree = "<group>";
		};
		3AE2916A274D20FA0068843A /* Local Storage */ = {
			isa = PBXGroup;
			children = (
			);
			path = "Local Storage";
			sourceTree = "<group>";
		};
		3AE2916B274D21040068843A /* Helpers */ = {
			isa = PBXGroup;
			children = (
				3AE2916C274D21090068843A /* Extensions */,
				3AE29173274D23040068843A /* Constants.swift */,
			);
			path = Helpers;
			sourceTree = "<group>";
		};
		3AE2916C274D21090068843A /* Extensions */ = {
			isa = PBXGroup;
			children = (
				3AE2917C274D67400068843A /* UIViewController+CustomUI.swift */,
				3AFA3132274EBFF00068FADF /* String.swift */,
				3AFA3134274EC0460068FADF /* Date.swift */,
			);
			path = Extensions;
			sourceTree = "<group>";
		};
/* End PBXGroup section */

/* Begin PBXNativeTarget section */
		3A3EB50B274C1805006EE44F /* NikoNiko */ = {
			isa = PBXNativeTarget;
			buildConfigurationList = 3A3EB520274C1807006EE44F /* Build configuration list for PBXNativeTarget "NikoNiko" */;
			buildPhases = (
				3A3EB508274C1805006EE44F /* Sources */,
				3A3EB509274C1805006EE44F /* Frameworks */,
				3A3EB50A274C1805006EE44F /* Resources */,
				3AE29175274D26C20068843A /* ShellScript */,
			);
			buildRules = (
			);
			dependencies = (
			);
			name = NikoNiko;
			packageProductDependencies = (
				3AFA312A274EB2C70068FADF /* Realm */,
				3AFA312C274EB2C70068FADF /* RealmSwift */,
			);
			productName = NikoNiko;
			productReference = 3A3EB50C274C1805006EE44F /* NikoNiko.app */;
			productType = "com.apple.product-type.application";
		};
		3AB53E37274F9D85002B3960 /* NikoNikoTests */ = {
			isa = PBXNativeTarget;
			buildConfigurationList = 3AB53E40274F9D85002B3960 /* Build configuration list for PBXNativeTarget "NikoNikoTests" */;
			buildPhases = (
				3AB53E34274F9D85002B3960 /* Sources */,
				3AB53E35274F9D85002B3960 /* Frameworks */,
				3AB53E36274F9D85002B3960 /* Resources */,
			);
			buildRules = (
			);
			dependencies = (
				3AB53E3D274F9D85002B3960 /* PBXTargetDependency */,
			);
			name = NikoNikoTests;
			productName = NikoNikoTests;
			productReference = 3AB53E38274F9D85002B3960 /* NikoNikoTests.xctest */;
			productType = "com.apple.product-type.bundle.unit-test";
		};
/* End PBXNativeTarget section */

/* Begin PBXProject section */
		3A3EB504274C1805006EE44F /* Project object */ = {
			isa = PBXProject;
			attributes = {
				BuildIndependentTargetsInParallel = 1;
				LastSwiftUpdateCheck = 1310;
				LastUpgradeCheck = 1310;
				TargetAttributes = {
					3A3EB50B274C1805006EE44F = {
						CreatedOnToolsVersion = 13.1;
					};
					3AB53E37274F9D85002B3960 = {
						CreatedOnToolsVersion = 13.1;
						TestTargetID = 3A3EB50B274C1805006EE44F;
					};
				};
			};
			buildConfigurationList = 3A3EB507274C1805006EE44F /* Build configuration list for PBXProject "NikoNiko" */;
			compatibilityVersion = "Xcode 13.0";
			developmentRegion = en;
			hasScannedForEncodings = 0;
			knownRegions = (
				en,
				Base,
			);
			mainGroup = 3A3EB503274C1805006EE44F;
			packageReferences = (
				3AFA3129274EB2C70068FADF /* XCRemoteSwiftPackageReference "realm-cocoa" */,
			);
			productRefGroup = 3A3EB50D274C1805006EE44F /* Products */;
			projectDirPath = "";
			projectRoot = "";
			targets = (
				3A3EB50B274C1805006EE44F /* NikoNiko */,
				3AB53E37274F9D85002B3960 /* NikoNikoTests */,
			);
		};
/* End PBXProject section */

/* Begin PBXResourcesBuildPhase section */
		3A3EB50A274C1805006EE44F /* Resources */ = {
			isa = PBXResourcesBuildPhase;
			buildActionMask = 2147483647;
			files = (
				3A3EB51C274C1807006EE44F /* LaunchScreen.storyboard in Resources */,
				3A3EB519274C1807006EE44F /* Assets.xcassets in Resources */,
				3AE29177274D2E570068843A /* MoodBoard.storyboard in Resources */,
				3AE2916E274D21780068843A /* README.md in Resources */,
				3A3EB517274C1805006EE44F /* Main.storyboard in Resources */,
				3AE29179274D3AC80068843A /* Monaco.ttf in Resources */,
				3AE29172274D22690068843A /* ApiKeys.plist in Resources */,
			);
			runOnlyForDeploymentPostprocessing = 0;
		};
		3AB53E36274F9D85002B3960 /* Resources */ = {
			isa = PBXResourcesBuildPhase;
			buildActionMask = 2147483647;
			files = (
			);
			runOnlyForDeploymentPostprocessing = 0;
		};
/* End PBXResourcesBuildPhase section */

/* Begin PBXShellScriptBuildPhase section */
		3AE29175274D26C20068843A /* ShellScript */ = {
			isa = PBXShellScriptBuildPhase;
			buildActionMask = 2147483647;
			files = (
			);
			inputFileListPaths = (
			);
			inputPaths = (
			);
			outputFileListPaths = (
			);
			outputPaths = (
			);
			runOnlyForDeploymentPostprocessing = 0;
			shellPath = /bin/sh;
			shellScript = "if which swiftlint >/dev/null; then\n    swiftlint\nelse\n    echo \"warning: SwiftLint not installed, download from https://github.com/realm/SwiftLint\"\nfi\n";
		};
/* End PBXShellScriptBuildPhase section */

/* Begin PBXSourcesBuildPhase section */
		3A3EB508274C1805006EE44F /* Sources */ = {
			isa = PBXSourcesBuildPhase;
			buildActionMask = 2147483647;
			files = (
				3AE29174274D23050068843A /* Constants.swift in Sources */,
				3AFA3135274EC0460068FADF /* Date.swift in Sources */,
				3AFA3131274EB5120068FADF /* DataManager.swift in Sources */,
				3A3EB514274C1805006EE44F /* MoodBoardViewController.swift in Sources */,
				3AFA3133274EBFF00068FADF /* String.swift in Sources */,
				3A3EB510274C1805006EE44F /* AppDelegate.swift in Sources */,
				3AFA312F274EB4B90068FADF /* Mood.swift in Sources */,
				3AE29170274D22510068843A /* ApiKeys.swift in Sources */,
				3A3EB512274C1805006EE44F /* SceneDelegate.swift in Sources */,
				3AE2917D274D67400068843A /* UIViewController+CustomUI.swift in Sources */,
				3AFA3137274EC0930068FADF /* FormateDate.swift in Sources */,
			);
			runOnlyForDeploymentPostprocessing = 0;
		};
		3AB53E34274F9D85002B3960 /* Sources */ = {
			isa = PBXSourcesBuildPhase;
			buildActionMask = 2147483647;
			files = (
				3AB53E3B274F9D85002B3960 /* NikoNikoTests.swift in Sources */,
				3AB53E42274F9F70002B3960 /* RealmTests.swift in Sources */,
			);
			runOnlyForDeploymentPostprocessing = 0;
		};
/* End PBXSourcesBuildPhase section */

/* Begin PBXTargetDependency section */
		3AB53E3D274F9D85002B3960 /* PBXTargetDependency */ = {
			isa = PBXTargetDependency;
			target = 3A3EB50B274C1805006EE44F /* NikoNiko */;
			targetProxy = 3AB53E3C274F9D85002B3960 /* PBXContainerItemProxy */;
		};
/* End PBXTargetDependency section */

/* Begin PBXVariantGroup section */
		3A3EB515274C1805006EE44F /* Main.storyboard */ = {
			isa = PBXVariantGroup;
			children = (
				3A3EB516274C1805006EE44F /* Base */,
			);
			name = Main.storyboard;
			sourceTree = "<group>";
		};
		3A3EB51A274C1807006EE44F /* LaunchScreen.storyboard */ = {
			isa = PBXVariantGroup;
			children = (
				3A3EB51B274C1807006EE44F /* Base */,
			);
			name = LaunchScreen.storyboard;
			sourceTree = "<group>";
		};
/* End PBXVariantGroup section */

/* Begin XCBuildConfiguration section */
		3A3EB51E274C1807006EE44F /* Debug */ = {
			isa = XCBuildConfiguration;
			buildSettings = {
				ALWAYS_SEARCH_USER_PATHS = NO;
				CLANG_ANALYZER_NONNULL = YES;
				CLANG_ANALYZER_NUMBER_OBJECT_CONVERSION = YES_AGGRESSIVE;
				CLANG_CXX_LANGUAGE_STANDARD = "gnu++17";
				CLANG_CXX_LIBRARY = "libc++";
				CLANG_ENABLE_MODULES = YES;
				CLANG_ENABLE_OBJC_ARC = YES;
				CLANG_ENABLE_OBJC_WEAK = YES;
				CLANG_WARN_BLOCK_CAPTURE_AUTORELEASING = YES;
				CLANG_WARN_BOOL_CONVERSION = YES;
				CLANG_WARN_COMMA = YES;
				CLANG_WARN_CONSTANT_CONVERSION = YES;
				CLANG_WARN_DEPRECATED_OBJC_IMPLEMENTATIONS = YES;
				CLANG_WARN_DIRECT_OBJC_ISA_USAGE = YES_ERROR;
				CLANG_WARN_DOCUMENTATION_COMMENTS = YES;
				CLANG_WARN_EMPTY_BODY = YES;
				CLANG_WARN_ENUM_CONVERSION = YES;
				CLANG_WARN_INFINITE_RECURSION = YES;
				CLANG_WARN_INT_CONVERSION = YES;
				CLANG_WARN_NON_LITERAL_NULL_CONVERSION = YES;
				CLANG_WARN_OBJC_IMPLICIT_RETAIN_SELF = YES;
				CLANG_WARN_OBJC_LITERAL_CONVERSION = YES;
				CLANG_WARN_OBJC_ROOT_CLASS = YES_ERROR;
				CLANG_WARN_QUOTED_INCLUDE_IN_FRAMEWORK_HEADER = YES;
				CLANG_WARN_RANGE_LOOP_ANALYSIS = YES;
				CLANG_WARN_STRICT_PROTOTYPES = YES;
				CLANG_WARN_SUSPICIOUS_MOVE = YES;
				CLANG_WARN_UNGUARDED_AVAILABILITY = YES_AGGRESSIVE;
				CLANG_WARN_UNREACHABLE_CODE = YES;
				CLANG_WARN__DUPLICATE_METHOD_MATCH = YES;
				COPY_PHASE_STRIP = NO;
				DEBUG_INFORMATION_FORMAT = dwarf;
				ENABLE_STRICT_OBJC_MSGSEND = YES;
				ENABLE_TESTABILITY = YES;
				GCC_C_LANGUAGE_STANDARD = gnu11;
				GCC_DYNAMIC_NO_PIC = NO;
				GCC_NO_COMMON_BLOCKS = YES;
				GCC_OPTIMIZATION_LEVEL = 0;
				GCC_PREPROCESSOR_DEFINITIONS = (
					"DEBUG=1",
					"$(inherited)",
				);
				GCC_WARN_64_TO_32_BIT_CONVERSION = YES;
				GCC_WARN_ABOUT_RETURN_TYPE = YES_ERROR;
				GCC_WARN_UNDECLARED_SELECTOR = YES;
				GCC_WARN_UNINITIALIZED_AUTOS = YES_AGGRESSIVE;
				GCC_WARN_UNUSED_FUNCTION = YES;
				GCC_WARN_UNUSED_VARIABLE = YES;
				IPHONEOS_DEPLOYMENT_TARGET = 13.0;
				MTL_ENABLE_DEBUG_INFO = INCLUDE_SOURCE;
				MTL_FAST_MATH = YES;
				ONLY_ACTIVE_ARCH = YES;
				SDKROOT = iphoneos;
				SWIFT_ACTIVE_COMPILATION_CONDITIONS = DEBUG;
				SWIFT_OPTIMIZATION_LEVEL = "-Onone";
			};
			name = Debug;
		};
		3A3EB51F274C1807006EE44F /* Release */ = {
			isa = XCBuildConfiguration;
			buildSettings = {
				ALWAYS_SEARCH_USER_PATHS = NO;
				CLANG_ANALYZER_NONNULL = YES;
				CLANG_ANALYZER_NUMBER_OBJECT_CONVERSION = YES_AGGRESSIVE;
				CLANG_CXX_LANGUAGE_STANDARD = "gnu++17";
				CLANG_CXX_LIBRARY = "libc++";
				CLANG_ENABLE_MODULES = YES;
				CLANG_ENABLE_OBJC_ARC = YES;
				CLANG_ENABLE_OBJC_WEAK = YES;
				CLANG_WARN_BLOCK_CAPTURE_AUTORELEASING = YES;
				CLANG_WARN_BOOL_CONVERSION = YES;
				CLANG_WARN_COMMA = YES;
				CLANG_WARN_CONSTANT_CONVERSION = YES;
				CLANG_WARN_DEPRECATED_OBJC_IMPLEMENTATIONS = YES;
				CLANG_WARN_DIRECT_OBJC_ISA_USAGE = YES_ERROR;
				CLANG_WARN_DOCUMENTATION_COMMENTS = YES;
				CLANG_WARN_EMPTY_BODY = YES;
				CLANG_WARN_ENUM_CONVERSION = YES;
				CLANG_WARN_INFINITE_RECURSION = YES;
				CLANG_WARN_INT_CONVERSION = YES;
				CLANG_WARN_NON_LITERAL_NULL_CONVERSION = YES;
				CLANG_WARN_OBJC_IMPLICIT_RETAIN_SELF = YES;
				CLANG_WARN_OBJC_LITERAL_CONVERSION = YES;
				CLANG_WARN_OBJC_ROOT_CLASS = YES_ERROR;
				CLANG_WARN_QUOTED_INCLUDE_IN_FRAMEWORK_HEADER = YES;
				CLANG_WARN_RANGE_LOOP_ANALYSIS = YES;
				CLANG_WARN_STRICT_PROTOTYPES = YES;
				CLANG_WARN_SUSPICIOUS_MOVE = YES;
				CLANG_WARN_UNGUARDED_AVAILABILITY = YES_AGGRESSIVE;
				CLANG_WARN_UNREACHABLE_CODE = YES;
				CLANG_WARN__DUPLICATE_METHOD_MATCH = YES;
				COPY_PHASE_STRIP = NO;
				DEBUG_INFORMATION_FORMAT = "dwarf-with-dsym";
				ENABLE_NS_ASSERTIONS = NO;
				ENABLE_STRICT_OBJC_MSGSEND = YES;
				GCC_C_LANGUAGE_STANDARD = gnu11;
				GCC_NO_COMMON_BLOCKS = YES;
				GCC_WARN_64_TO_32_BIT_CONVERSION = YES;
				GCC_WARN_ABOUT_RETURN_TYPE = YES_ERROR;
				GCC_WARN_UNDECLARED_SELECTOR = YES;
				GCC_WARN_UNINITIALIZED_AUTOS = YES_AGGRESSIVE;
				GCC_WARN_UNUSED_FUNCTION = YES;
				GCC_WARN_UNUSED_VARIABLE = YES;
				IPHONEOS_DEPLOYMENT_TARGET = 13.0;
				MTL_ENABLE_DEBUG_INFO = NO;
				MTL_FAST_MATH = YES;
				SDKROOT = iphoneos;
				SWIFT_COMPILATION_MODE = wholemodule;
				SWIFT_OPTIMIZATION_LEVEL = "-O";
				VALIDATE_PRODUCT = YES;
			};
			name = Release;
		};
		3A3EB521274C1807006EE44F /* Debug */ = {
			isa = XCBuildConfiguration;
			buildSettings = {
				ASSETCATALOG_COMPILER_APPICON_NAME = AppIcon;
				ASSETCATALOG_COMPILER_GLOBAL_ACCENT_COLOR_NAME = AccentColor;
				CODE_SIGN_STYLE = Automatic;
				CURRENT_PROJECT_VERSION = 1;
				DEVELOPMENT_TEAM = AS4ZG3MAQH;
				GENERATE_INFOPLIST_FILE = YES;
				INFOPLIST_FILE = "NikoNiko/Supporting Files/Info.plist";
				INFOPLIST_KEY_UIApplicationSupportsIndirectInputEvents = YES;
				INFOPLIST_KEY_UILaunchStoryboardName = LaunchScreen;
				INFOPLIST_KEY_UIMainStoryboardFile = Main;
				INFOPLIST_KEY_UISupportedInterfaceOrientations = "UIInterfaceOrientationPortrait UIInterfaceOrientationPortraitUpsideDown";
				INFOPLIST_KEY_UISupportedInterfaceOrientations_iPad = "UIInterfaceOrientationPortrait UIInterfaceOrientationPortraitUpsideDown UIInterfaceOrientationLandscapeLeft UIInterfaceOrientationLandscapeRight";
				INFOPLIST_KEY_UISupportedInterfaceOrientations_iPhone = "UIInterfaceOrientationPortrait UIInterfaceOrientationLandscapeLeft UIInterfaceOrientationLandscapeRight";
				IPHONEOS_DEPLOYMENT_TARGET = 13.0;
				LD_RUNPATH_SEARCH_PATHS = (
					"$(inherited)",
					"@executable_path/Frameworks",
				);
				MARKETING_VERSION = 1.0;
				PRODUCT_BUNDLE_IDENTIFIER = io.angelappdev.NikoNiko;
				PRODUCT_NAME = "$(TARGET_NAME)";
				SWIFT_EMIT_LOC_STRINGS = YES;
				SWIFT_VERSION = 5.0;
				TARGETED_DEVICE_FAMILY = "1,2";
			};
			name = Debug;
		};
		3A3EB522274C1807006EE44F /* Release */ = {
			isa = XCBuildConfiguration;
			buildSettings = {
				ASSETCATALOG_COMPILER_APPICON_NAME = AppIcon;
				ASSETCATALOG_COMPILER_GLOBAL_ACCENT_COLOR_NAME = AccentColor;
				CODE_SIGN_STYLE = Automatic;
				CURRENT_PROJECT_VERSION = 1;
				DEVELOPMENT_TEAM = AS4ZG3MAQH;
				GENERATE_INFOPLIST_FILE = YES;
				INFOPLIST_FILE = "NikoNiko/Supporting Files/Info.plist";
				INFOPLIST_KEY_UIApplicationSupportsIndirectInputEvents = YES;
				INFOPLIST_KEY_UILaunchStoryboardName = LaunchScreen;
				INFOPLIST_KEY_UIMainStoryboardFile = Main;
				INFOPLIST_KEY_UISupportedInterfaceOrientations = "UIInterfaceOrientationPortrait UIInterfaceOrientationPortraitUpsideDown";
				INFOPLIST_KEY_UISupportedInterfaceOrientations_iPad = "UIInterfaceOrientationPortrait UIInterfaceOrientationPortraitUpsideDown UIInterfaceOrientationLandscapeLeft UIInterfaceOrientationLandscapeRight";
				INFOPLIST_KEY_UISupportedInterfaceOrientations_iPhone = "UIInterfaceOrientationPortrait UIInterfaceOrientationLandscapeLeft UIInterfaceOrientationLandscapeRight";
				IPHONEOS_DEPLOYMENT_TARGET = 13.0;
				LD_RUNPATH_SEARCH_PATHS = (
					"$(inherited)",
					"@executable_path/Frameworks",
				);
				MARKETING_VERSION = 1.0;
				PRODUCT_BUNDLE_IDENTIFIER = io.angelappdev.NikoNiko;
				PRODUCT_NAME = "$(TARGET_NAME)";
				SWIFT_EMIT_LOC_STRINGS = YES;
				SWIFT_VERSION = 5.0;
				TARGETED_DEVICE_FAMILY = "1,2";
			};
			name = Release;
		};
		3AB53E3E274F9D85002B3960 /* Debug */ = {
			isa = XCBuildConfiguration;
			buildSettings = {
				BUNDLE_LOADER = "$(TEST_HOST)";
				CODE_SIGN_STYLE = Automatic;
				CURRENT_PROJECT_VERSION = 1;
				DEVELOPMENT_TEAM = AS4ZG3MAQH;
				GENERATE_INFOPLIST_FILE = YES;
				IPHONEOS_DEPLOYMENT_TARGET = 15.0;
				LD_RUNPATH_SEARCH_PATHS = (
					"$(inherited)",
					"@executable_path/Frameworks",
					"@loader_path/Frameworks",
				);
				MARKETING_VERSION = 1.0;
				PRODUCT_BUNDLE_IDENTIFIER = io.angelappdev.NikoNikoTests;
				PRODUCT_NAME = "$(TARGET_NAME)";
				SWIFT_EMIT_LOC_STRINGS = NO;
				SWIFT_VERSION = 5.0;
				TARGETED_DEVICE_FAMILY = "1,2";
				TEST_HOST = "$(BUILT_PRODUCTS_DIR)/NikoNiko.app/NikoNiko";
			};
			name = Debug;
		};
		3AB53E3F274F9D85002B3960 /* Release */ = {
			isa = XCBuildConfiguration;
			buildSettings = {
				BUNDLE_LOADER = "$(TEST_HOST)";
				CODE_SIGN_STYLE = Automatic;
				CURRENT_PROJECT_VERSION = 1;
				DEVELOPMENT_TEAM = AS4ZG3MAQH;
				GENERATE_INFOPLIST_FILE = YES;
				IPHONEOS_DEPLOYMENT_TARGET = 15.0;
				LD_RUNPATH_SEARCH_PATHS = (
					"$(inherited)",
					"@executable_path/Frameworks",
					"@loader_path/Frameworks",
				);
				MARKETING_VERSION = 1.0;
				PRODUCT_BUNDLE_IDENTIFIER = io.angelappdev.NikoNikoTests;
				PRODUCT_NAME = "$(TARGET_NAME)";
				SWIFT_EMIT_LOC_STRINGS = NO;
				SWIFT_VERSION = 5.0;
				TARGETED_DEVICE_FAMILY = "1,2";
				TEST_HOST = "$(BUILT_PRODUCTS_DIR)/NikoNiko.app/NikoNiko";
			};
			name = Release;
		};
/* End XCBuildConfiguration section */

/* Begin XCConfigurationList section */
		3A3EB507274C1805006EE44F /* Build configuration list for PBXProject "NikoNiko" */ = {
			isa = XCConfigurationList;
			buildConfigurations = (
				3A3EB51E274C1807006EE44F /* Debug */,
				3A3EB51F274C1807006EE44F /* Release */,
			);
			defaultConfigurationIsVisible = 0;
			defaultConfigurationName = Release;
		};
		3A3EB520274C1807006EE44F /* Build configuration list for PBXNativeTarget "NikoNiko" */ = {
			isa = XCConfigurationList;
			buildConfigurations = (
				3A3EB521274C1807006EE44F /* Debug */,
				3A3EB522274C1807006EE44F /* Release */,
			);
			defaultConfigurationIsVisible = 0;
			defaultConfigurationName = Release;
		};
		3AB53E40274F9D85002B3960 /* Build configuration list for PBXNativeTarget "NikoNikoTests" */ = {
			isa = XCConfigurationList;
			buildConfigurations = (
				3AB53E3E274F9D85002B3960 /* Debug */,
				3AB53E3F274F9D85002B3960 /* Release */,
			);
			defaultConfigurationIsVisible = 0;
			defaultConfigurationName = Release;
		};
/* End XCConfigurationList section */

/* Begin XCRemoteSwiftPackageReference section */
		3AFA3129274EB2C70068FADF /* XCRemoteSwiftPackageReference "realm-cocoa" */ = {
			isa = XCRemoteSwiftPackageReference;
			repositoryURL = "https://github.com/realm/realm-cocoa";
			requirement = {
				kind = exactVersion;
				version = 10.19.0;
			};
		};
/* End XCRemoteSwiftPackageReference section */

/* Begin XCSwiftPackageProductDependency section */
		3AFA312A274EB2C70068FADF /* Realm */ = {
			isa = XCSwiftPackageProductDependency;
			package = 3AFA3129274EB2C70068FADF /* XCRemoteSwiftPackageReference "realm-cocoa" */;
			productName = Realm;
		};
		3AFA312C274EB2C70068FADF /* RealmSwift */ = {
			isa = XCSwiftPackageProductDependency;
			package = 3AFA3129274EB2C70068FADF /* XCRemoteSwiftPackageReference "realm-cocoa" */;
			productName = RealmSwift;
		};
/* End XCSwiftPackageProductDependency section */
	};
	rootObject = 3A3EB504274C1805006EE44F /* Project object */;
}
